PODS:
  - AsyncDisplayKit (2.1):
    - AsyncDisplayKit/PINRemoteImage (= 2.1)
  - AsyncDisplayKit/Core (2.1)
  - AsyncDisplayKit/PINRemoteImage (2.1):
    - AsyncDisplayKit/Core
    - PINRemoteImage/iOS (= 3.0.0-beta.7)
    - PINRemoteImage/PINCache
  - FastImageCache (1.5.1)
  - FMDB (2.6.2):
    - FMDB/standard (= 2.6.2)
  - FMDB/standard (2.6.2)
  - PINCache (3.0.1-beta.2):
    - PINCache/Arc-exception-safe (= 3.0.1-beta.2)
    - PINCache/Core (= 3.0.1-beta.2)
  - PINCache/Arc-exception-safe (3.0.1-beta.2):
    - PINCache/Core
  - PINCache/Core (3.0.1-beta.2)
  - PINRemoteImage/Core (3.0.0-beta.7)
  - PINRemoteImage/iOS (3.0.0-beta.7):
    - PINRemoteImage/Core
  - PINRemoteImage/PINCache (3.0.0-beta.7):
    - PINCache (= 3.0.1-beta.2)
    - PINRemoteImage/Core
  - REMenu (1.10)
  - RESideMenu (4.0.7)
  - SABlurImageView (3.0.0)
  - SnapKit (3.0.2)
  - SWTableViewCell (0.3.7)

DEPENDENCIES:
  - AsyncDisplayKit
  - FastImageCache
  - FMDB
  - REMenu
  - RESideMenu
  - SABlurImageView
  - SnapKit
  - SWTableViewCell

SPEC CHECKSUMS:
  AsyncDisplayKit: 28de788f9d6ec573be7662f0fe8931e656357e93
  FastImageCache: 2e7a6f677b15336eb3d1a4092a494676256c891d
  FMDB: 854a0341b4726e53276f2a8996f06f1b80f9259a
  PINCache: 6d273a6e0754bd26e3f12a38a90dde73cc6a42b2
  PINRemoteImage: ff63baf185088530db6cfa41cb665e2b5126b5c3
  REMenu: 30dad195930adf6c5eeb8041e3257aa60bf9fa49
  RESideMenu: f24c508404b49c667344c54aba7e590883533958
  SABlurImageView: 7003ca28ded502c984846374a117f88a287d9faf
  SnapKit: 2e456761aa92d4d4067a7a5594c18769d451a8ad
  SWTableViewCell: 2a94aadc9d47b2b611fa064566bf57948b95b579

PODFILE CHECKSUM: c51caa91c54137d7c94eb49bbf9b274d87a18e89

COCOAPODS: 1.1.1
