// !$*UTF8*$!
{
	archiveVersion = 1;
	classes = {
	};
	objectVersion = 46;
	objects = {

/* Begin PBXBuildFile section */
		6E2060831D93ACB000A0B5B2 /* AppDelegate.swift in Sources */ = {isa = PBXBuildFile; fileRef = 6E2060821D93ACB000A0B5B2 /* AppDelegate.swift */; };
		6E20608A1D93ACB000A0B5B2 /* Assets.xcassets in Resources */ = {isa = PBXBuildFile; fileRef = 6E2060891D93ACB000A0B5B2 /* Assets.xcassets */; };
		6E20608D1D93ACB000A0B5B2 /* LaunchScreen.storyboard in Resources */ = {isa = PBXBuildFile; fileRef = 6E20608B1D93ACB000A0B5B2 /* LaunchScreen.storyboard */; };
		6E8B12401E485C8400B9AD24 /* ESMediaPlayer.framework in Frameworks */ = {isa = PBXBuildFile; fileRef = 6E8B123C1E485C6500B9AD24 /* ESMediaPlayer.framework */; };
		6E8B12411E485C8400B9AD24 /* ESMediaPlayer.framework in Embed Frameworks */ = {isa = PBXBuildFile; fileRef = 6E8B123C1E485C6500B9AD24 /* ESMediaPlayer.framework */; settings = {ATTRIBUTES = (CodeSignOnCopy, RemoveHeadersOnCopy, ); }; };
		6E8B12421E485C8400B9AD24 /* IJKMediaFramework.framework in Frameworks */ = {isa = PBXBuildFile; fileRef = 6E8B123D1E485C6500B9AD24 /* IJKMediaFramework.framework */; };
		6E8B12431E485C8400B9AD24 /* IJKMediaFramework.framework in Embed Frameworks */ = {isa = PBXBuildFile; fileRef = 6E8B123D1E485C6500B9AD24 /* IJKMediaFramework.framework */; settings = {ATTRIBUTES = (CodeSignOnCopy, RemoveHeadersOnCopy, ); }; };
		6EAAFC571E569A4C00A36665 /* ButtonTableViewCell.swift in Sources */ = {isa = PBXBuildFile; fileRef = 6EAAFBF91E569A4C00A36665 /* ButtonTableViewCell.swift */; };
		6EAAFC581E569A4C00A36665 /* NSString+MD5.m in Sources */ = {isa = PBXBuildFile; fileRef = 6EAAFBFC1E569A4C00A36665 /* NSString+MD5.m */; };
		6EAAFC591E569A4C00A36665 /* ImageCache.swift in Sources */ = {isa = PBXBuildFile; fileRef = 6EAAFBFE1E569A4C00A36665 /* ImageCache.swift */; };
		6EAAFC5A1E569A4C00A36665 /* ImageEntity.swift in Sources */ = {isa = PBXBuildFile; fileRef = 6EAAFBFF1E569A4C00A36665 /* ImageEntity.swift */; };
		6EAAFC5B1E569A4C00A36665 /* Menu.swift in Sources */ = {isa = PBXBuildFile; fileRef = 6EAAFC011E569A4C00A36665 /* Menu.swift */; };
		6EAAFC5C1E569A4C00A36665 /* MenuItem.swift in Sources */ = {isa = PBXBuildFile; fileRef = 6EAAFC021E569A4C00A36665 /* MenuItem.swift */; };
		6EAAFC5D1E569A4C00A36665 /* MenuItemView.swift in Sources */ = {isa = PBXBuildFile; fileRef = 6EAAFC031E569A4C00A36665 /* MenuItemView.swift */; };
		6EAAFC5E1E569A4C00A36665 /* TextFieldAlertView.swift in Sources */ = {isa = PBXBuildFile; fileRef = 6EAAFC051E569A4C00A36665 /* TextFieldAlertView.swift */; };
		6EAAFC5F1E569A4C00A36665 /* Equatable.swift in Sources */ = {isa = PBXBuildFile; fileRef = 6EAAFC071E569A4C00A36665 /* Equatable.swift */; };
		6EAAFC601E569A4C00A36665 /* String.swift in Sources */ = {isa = PBXBuildFile; fileRef = 6EAAFC081E569A4C00A36665 /* String.swift */; };
		6EAAFC611E569A4C00A36665 /* UIImage.swift in Sources */ = {isa = PBXBuildFile; fileRef = 6EAAFC091E569A4C00A36665 /* UIImage.swift */; };
		6EAAFC621E569A4C00A36665 /* UIView+Frame.swift in Sources */ = {isa = PBXBuildFile; fileRef = 6EAAFC0A1E569A4C00A36665 /* UIView+Frame.swift */; };
		6EAAFC631E569A4C00A36665 /* UIViewController.swift in Sources */ = {isa = PBXBuildFile; fileRef = 6EAAFC0B1E569A4C00A36665 /* UIViewController.swift */; };
		6EAAFC641E569A4C00A36665 /* URL.swift in Sources */ = {isa = PBXBuildFile; fileRef = 6EAAFC0C1E569A4C00A36665 /* URL.swift */; };
		6EAAFC651E569A4C00A36665 /* Macro.swift in Sources */ = {isa = PBXBuildFile; fileRef = 6EAAFC0E1E569A4C00A36665 /* Macro.swift */; };
		6EAAFC661E569A4C00A36665 /* FileViewController.swift in Sources */ = {isa = PBXBuildFile; fileRef = 6EAAFC121E569A4C00A36665 /* FileViewController.swift */; };
		6EAAFC671E569A4C00A36665 /* File.swift in Sources */ = {isa = PBXBuildFile; fileRef = 6EAAFC141E569A4C00A36665 /* File.swift */; };
		6EAAFC681E569A4C00A36665 /* FileAttributes.swift in Sources */ = {isa = PBXBuildFile; fileRef = 6EAAFC151E569A4C00A36665 /* FileAttributes.swift */; };
		6EAAFC691E569A4C00A36665 /* FileType.swift in Sources */ = {isa = PBXBuildFile; fileRef = 6EAAFC161E569A4C00A36665 /* FileType.swift */; };
		6EAAFC6A1E569A4C00A36665 /* FileModel.swift in Sources */ = {isa = PBXBuildFile; fileRef = 6EAAFC181E569A4C00A36665 /* FileModel.swift */; };
		6EAAFC6B1E569A4C00A36665 /* FileIconEntity.swift in Sources */ = {isa = PBXBuildFile; fileRef = 6EAAFC1A1E569A4C00A36665 /* FileIconEntity.swift */; };
		6EAAFC6C1E569A4C00A36665 /* FileThumbnail.swift in Sources */ = {isa = PBXBuildFile; fileRef = 6EAAFC1B1E569A4C00A36665 /* FileThumbnail.swift */; };
		6EAAFC6D1E569A4C00A36665 /* FileUtils.swift in Sources */ = {isa = PBXBuildFile; fileRef = 6EAAFC1C1E569A4C00A36665 /* FileUtils.swift */; };
		6EAAFC6E1E569A4C00A36665 /* FileCollectionViewCell.swift in Sources */ = {isa = PBXBuildFile; fileRef = 6EAAFC1F1E569A4C00A36665 /* FileCollectionViewCell.swift */; };
		6EAAFC6F1E569A4C00A36665 /* FileTableViewCell.swift in Sources */ = {isa = PBXBuildFile; fileRef = 6EAAFC201E569A4C00A36665 /* FileTableViewCell.swift */; };
		6EAAFC701E569A4C00A36665 /* FileCollectionView.swift in Sources */ = {isa = PBXBuildFile; fileRef = 6EAAFC211E569A4C00A36665 /* FileCollectionView.swift */; };
		6EAAFC711E569A4C00A36665 /* FileContentViewProtocol.swift in Sources */ = {isa = PBXBuildFile; fileRef = 6EAAFC221E569A4C00A36665 /* FileContentViewProtocol.swift */; };
		6EAAFC721E569A4C00A36665 /* FileTableView.swift in Sources */ = {isa = PBXBuildFile; fileRef = 6EAAFC231E569A4C00A36665 /* FileTableView.swift */; };
		6EAAFC731E569A4C00A36665 /* FileToolBar.swift in Sources */ = {isa = PBXBuildFile; fileRef = 6EAAFC241E569A4C00A36665 /* FileToolBar.swift */; };
		6EAAFC741E569A4C00A36665 /* FileView.swift in Sources */ = {isa = PBXBuildFile; fileRef = 6EAAFC251E569A4C00A36665 /* FileView.swift */; };
		6EAAFC751E569A4C00A36665 /* Music.swift in Sources */ = {isa = PBXBuildFile; fileRef = 6EAAFC271E569A4C00A36665 /* Music.swift */; };
		6EAAFC761E569A4C00A36665 /* MusicGroup.swift in Sources */ = {isa = PBXBuildFile; fileRef = 6EAAFC281E569A4C00A36665 /* MusicGroup.swift */; };
		6EAAFC771E569A4C00A36665 /* MusicListViewController.swift in Sources */ = {isa = PBXBuildFile; fileRef = 6EAAFC2B1E569A4C00A36665 /* MusicListViewController.swift */; };
		6EAAFC781E569A4C00A36665 /* MusicGroupMenu.swift in Sources */ = {isa = PBXBuildFile; fileRef = 6EAAFC2D1E569A4C00A36665 /* MusicGroupMenu.swift */; };
		6EAAFC791E569A4C00A36665 /* MusicListNavigationTitleView.swift in Sources */ = {isa = PBXBuildFile; fileRef = 6EAAFC2E1E569A4C00A36665 /* MusicListNavigationTitleView.swift */; };
		6EAAFC7A1E569A4C00A36665 /* MusicListTableView.swift in Sources */ = {isa = PBXBuildFile; fileRef = 6EAAFC2F1E569A4C00A36665 /* MusicListTableView.swift */; };
		6EAAFC7B1E569A4C00A36665 /* MusicTableViewCell.swift in Sources */ = {isa = PBXBuildFile; fileRef = 6EAAFC301E569A4C00A36665 /* MusicTableViewCell.swift */; };
		6EAAFC7C1E569A4C00A36665 /* MusicPlayerViewController.swift in Sources */ = {isa = PBXBuildFile; fileRef = 6EAAFC331E569A4C00A36665 /* MusicPlayerViewController.swift */; };
		6EAAFC7D1E569A4C00A36665 /* MusicPlayerBackgroudView.swift in Sources */ = {isa = PBXBuildFile; fileRef = 6EAAFC351E569A4C00A36665 /* MusicPlayerBackgroudView.swift */; };
		6EAAFC7E1E569A4C00A36665 /* MusicPlayerInfoView.swift in Sources */ = {isa = PBXBuildFile; fileRef = 6EAAFC361E569A4C00A36665 /* MusicPlayerInfoView.swift */; };
		6EAAFC7F1E569A4C00A36665 /* MusicPlayerToolView.swift in Sources */ = {isa = PBXBuildFile; fileRef = 6EAAFC371E569A4C00A36665 /* MusicPlayerToolView.swift */; };
		6EAAFC801E569A4C00A36665 /* MusicPlayer+NowPlayingInfo.swift in Sources */ = {isa = PBXBuildFile; fileRef = 6EAAFC381E569A4C00A36665 /* MusicPlayer+NowPlayingInfo.swift */; };
		6EAAFC811E569A4C00A36665 /* MusicPlayer+RemoteComtrol.swift in Sources */ = {isa = PBXBuildFile; fileRef = 6EAAFC391E569A4C00A36665 /* MusicPlayer+RemoteComtrol.swift */; };
		6EAAFC821E569A4C00A36665 /* MusicPlayer.swift in Sources */ = {isa = PBXBuildFile; fileRef = 6EAAFC3A1E569A4C00A36665 /* MusicPlayer.swift */; };
		6EAAFC831E569A4C00A36665 /* MyMusicViewController.swift in Sources */ = {isa = PBXBuildFile; fileRef = 6EAAFC3D1E569A4C00A36665 /* MyMusicViewController.swift */; };
		6EAAFC841E569A4C00A36665 /* MyMusicGroupEntity.swift in Sources */ = {isa = PBXBuildFile; fileRef = 6EAAFC3F1E569A4C00A36665 /* MyMusicGroupEntity.swift */; };
		6EAAFC851E569A4C00A36665 /* MyMusicModel.swift in Sources */ = {isa = PBXBuildFile; fileRef = 6EAAFC411E569A4C00A36665 /* MyMusicModel.swift */; };
		6EAAFC861E569A4C00A36665 /* MyMusicHeaderView.swift in Sources */ = {isa = PBXBuildFile; fileRef = 6EAAFC431E569A4C00A36665 /* MyMusicHeaderView.swift */; };
		6EAAFC871E569A4C00A36665 /* MyMusicTableViewCell.swift in Sources */ = {isa = PBXBuildFile; fileRef = 6EAAFC441E569A4C00A36665 /* MyMusicTableViewCell.swift */; };
		6EAAFC881E569A4C00A36665 /* MusicSearchHistoryView.swift in Sources */ = {isa = PBXBuildFile; fileRef = 6EAAFC471E569A4C00A36665 /* MusicSearchHistoryView.swift */; };
		6EAAFC891E569A4C00A36665 /* MusicSearchControl.swift in Sources */ = {isa = PBXBuildFile; fileRef = 6EAAFC481E569A4C00A36665 /* MusicSearchControl.swift */; };
		6EAAFC8A1E569A4C00A36665 /* MusicSearchResultView.swift in Sources */ = {isa = PBXBuildFile; fileRef = 6EAAFC4A1E569A4C00A36665 /* MusicSearchResultView.swift */; };
		6EAAFC8B1E569A4C00A36665 /* PhotoCellNode.swift in Sources */ = {isa = PBXBuildFile; fileRef = 6EAAFC4C1E569A4C00A36665 /* PhotoCellNode.swift */; };
		6EAAFC8C1E569A4C00A36665 /* PhotoCollectionViewCell.swift in Sources */ = {isa = PBXBuildFile; fileRef = 6EAAFC4D1E569A4C00A36665 /* PhotoCollectionViewCell.swift */; };
		6EAAFC8D1E569A4C00A36665 /* PhotoMemoryCache.m in Sources */ = {isa = PBXBuildFile; fileRef = 6EAAFC4F1E569A4C00A36665 /* PhotoMemoryCache.m */; };
		6EAAFC8E1E569A4C00A36665 /* PhotoViewer.swift in Sources */ = {isa = PBXBuildFile; fileRef = 6EAAFC501E569A4C00A36665 /* PhotoViewer.swift */; };
		6EAAFC8F1E569A4C00A36665 /* SettingViewController.swift in Sources */ = {isa = PBXBuildFile; fileRef = 6EAAFC531E569A4C00A36665 /* SettingViewController.swift */; };
		6EAAFC901E569A4C00A36665 /* LeftMenuViewController.swift in Sources */ = {isa = PBXBuildFile; fileRef = 6EAAFC551E569A4C00A36665 /* LeftMenuViewController.swift */; };
		6EAAFC911E569A4C00A36665 /* SideMenuViewController.swift in Sources */ = {isa = PBXBuildFile; fileRef = 6EAAFC561E569A4C00A36665 /* SideMenuViewController.swift */; };
		6EAAFC971E569A6700A36665 /* ESTMusicIndicatorContentView.swift in Sources */ = {isa = PBXBuildFile; fileRef = 6EAAFC941E569A6700A36665 /* ESTMusicIndicatorContentView.swift */; };
		6EAAFC981E569A6700A36665 /* ESTMusicIndicatorView.swift in Sources */ = {isa = PBXBuildFile; fileRef = 6EAAFC951E569A6700A36665 /* ESTMusicIndicatorView.swift */; };
		905FDC7FB2A83BA5A2FF1813 /* Pods_file.framework in Frameworks */ = {isa = PBXBuildFile; fileRef = E24114A1717DF18A60E604F9 /* Pods_file.framework */; };
/* End PBXBuildFile section */

/* Begin PBXCopyFilesBuildPhase section */
		6EB1007D1DAA01DB00E1A643 /* Embed Frameworks */ = {
			isa = PBXCopyFilesBuildPhase;
			buildActionMask = 2147483647;
			dstPath = "";
			dstSubfolderSpec = 10;
			files = (
				6E8B12411E485C8400B9AD24 /* ESMediaPlayer.framework in Embed Frameworks */,
				6E8B12431E485C8400B9AD24 /* IJKMediaFramework.framework in Embed Frameworks */,
			);
			name = "Embed Frameworks";
			runOnlyForDeploymentPostprocessing = 0;
		};
/* End PBXCopyFilesBuildPhase section */

/* Begin PBXFileReference section */
		408C2F590B39937EC438C9CE /* Pods-file.release.xcconfig */ = {isa = PBXFileReference; includeInIndex = 1; lastKnownFileType = text.xcconfig; name = "Pods-file.release.xcconfig"; path = "Pods/Target Support Files/Pods-file/Pods-file.release.xcconfig"; sourceTree = "<group>"; };
		6E20607F1D93ACB000A0B5B2 /* file.app */ = {isa = PBXFileReference; explicitFileType = wrapper.application; includeInIndex = 0; path = file.app; sourceTree = BUILT_PRODUCTS_DIR; };
		6E2060821D93ACB000A0B5B2 /* AppDelegate.swift */ = {isa = PBXFileReference; lastKnownFileType = sourcecode.swift; path = AppDelegate.swift; sourceTree = "<group>"; };
		6E2060891D93ACB000A0B5B2 /* Assets.xcassets */ = {isa = PBXFileReference; lastKnownFileType = folder.assetcatalog; path = Assets.xcassets; sourceTree = "<group>"; };
		6E20608C1D93ACB000A0B5B2 /* Base */ = {isa = PBXFileReference; lastKnownFileType = file.storyboard; name = Base; path = Base.lproj/LaunchScreen.storyboard; sourceTree = "<group>"; };
		6E20608E1D93ACB000A0B5B2 /* Info.plist */ = {isa = PBXFileReference; lastKnownFileType = text.plist.xml; path = Info.plist; sourceTree = "<group>"; };
		6E8B123C1E485C6500B9AD24 /* ESMediaPlayer.framework */ = {isa = PBXFileReference; lastKnownFileType = wrapper.framework; name = ESMediaPlayer.framework; path = Frameworks/ESMediaPlayer.framework; sourceTree = "<group>"; };
		6E8B123D1E485C6500B9AD24 /* IJKMediaFramework.framework */ = {isa = PBXFileReference; lastKnownFileType = wrapper.framework; name = IJKMediaFramework.framework; path = Frameworks/IJKMediaFramework.framework; sourceTree = "<group>"; };
		6EAAFBF91E569A4C00A36665 /* ButtonTableViewCell.swift */ = {isa = PBXFileReference; fileEncoding = 4; lastKnownFileType = sourcecode.swift; path = ButtonTableViewCell.swift; sourceTree = "<group>"; };
		6EAAFBFB1E569A4C00A36665 /* NSString+MD5.h */ = {isa = PBXFileReference; fileEncoding = 4; lastKnownFileType = sourcecode.c.h; path = "NSString+MD5.h"; sourceTree = "<group>"; };
		6EAAFBFC1E569A4C00A36665 /* NSString+MD5.m */ = {isa = PBXFileReference; fileEncoding = 4; lastKnownFileType = sourcecode.c.objc; path = "NSString+MD5.m"; sourceTree = "<group>"; };
		6EAAFBFE1E569A4C00A36665 /* ImageCache.swift */ = {isa = PBXFileReference; fileEncoding = 4; lastKnownFileType = sourcecode.swift; path = ImageCache.swift; sourceTree = "<group>"; };
		6EAAFBFF1E569A4C00A36665 /* ImageEntity.swift */ = {isa = PBXFileReference; fileEncoding = 4; lastKnownFileType = sourcecode.swift; path = ImageEntity.swift; sourceTree = "<group>"; };
		6EAAFC011E569A4C00A36665 /* Menu.swift */ = {isa = PBXFileReference; fileEncoding = 4; lastKnownFileType = sourcecode.swift; path = Menu.swift; sourceTree = "<group>"; };
		6EAAFC021E569A4C00A36665 /* MenuItem.swift */ = {isa = PBXFileReference; fileEncoding = 4; lastKnownFileType = sourcecode.swift; path = MenuItem.swift; sourceTree = "<group>"; };
		6EAAFC031E569A4C00A36665 /* MenuItemView.swift */ = {isa = PBXFileReference; fileEncoding = 4; lastKnownFileType = sourcecode.swift; path = MenuItemView.swift; sourceTree = "<group>"; };
		6EAAFC051E569A4C00A36665 /* TextFieldAlertView.swift */ = {isa = PBXFileReference; fileEncoding = 4; lastKnownFileType = sourcecode.swift; path = TextFieldAlertView.swift; sourceTree = "<group>"; };
		6EAAFC071E569A4C00A36665 /* Equatable.swift */ = {isa = PBXFileReference; fileEncoding = 4; lastKnownFileType = sourcecode.swift; path = Equatable.swift; sourceTree = "<group>"; };
		6EAAFC081E569A4C00A36665 /* String.swift */ = {isa = PBXFileReference; fileEncoding = 4; lastKnownFileType = sourcecode.swift; path = String.swift; sourceTree = "<group>"; };
		6EAAFC091E569A4C00A36665 /* UIImage.swift */ = {isa = PBXFileReference; fileEncoding = 4; lastKnownFileType = sourcecode.swift; path = UIImage.swift; sourceTree = "<group>"; };
		6EAAFC0A1E569A4C00A36665 /* UIView+Frame.swift */ = {isa = PBXFileReference; fileEncoding = 4; lastKnownFileType = sourcecode.swift; path = "UIView+Frame.swift"; sourceTree = "<group>"; };
		6EAAFC0B1E569A4C00A36665 /* UIViewController.swift */ = {isa = PBXFileReference; fileEncoding = 4; lastKnownFileType = sourcecode.swift; path = UIViewController.swift; sourceTree = "<group>"; };
		6EAAFC0C1E569A4C00A36665 /* URL.swift */ = {isa = PBXFileReference; fileEncoding = 4; lastKnownFileType = sourcecode.swift; path = URL.swift; sourceTree = "<group>"; };
		6EAAFC0E1E569A4C00A36665 /* Macro.swift */ = {isa = PBXFileReference; fileEncoding = 4; lastKnownFileType = sourcecode.swift; path = Macro.swift; sourceTree = "<group>"; };
		6EAAFC121E569A4C00A36665 /* FileViewController.swift */ = {isa = PBXFileReference; fileEncoding = 4; lastKnownFileType = sourcecode.swift; path = FileViewController.swift; sourceTree = "<group>"; };
		6EAAFC141E569A4C00A36665 /* File.swift */ = {isa = PBXFileReference; fileEncoding = 4; lastKnownFileType = sourcecode.swift; path = File.swift; sourceTree = "<group>"; };
		6EAAFC151E569A4C00A36665 /* FileAttributes.swift */ = {isa = PBXFileReference; fileEncoding = 4; lastKnownFileType = sourcecode.swift; path = FileAttributes.swift; sourceTree = "<group>"; };
		6EAAFC161E569A4C00A36665 /* FileType.swift */ = {isa = PBXFileReference; fileEncoding = 4; lastKnownFileType = sourcecode.swift; path = FileType.swift; sourceTree = "<group>"; };
		6EAAFC181E569A4C00A36665 /* FileModel.swift */ = {isa = PBXFileReference; fileEncoding = 4; lastKnownFileType = sourcecode.swift; path = FileModel.swift; sourceTree = "<group>"; };
		6EAAFC1A1E569A4C00A36665 /* FileIconEntity.swift */ = {isa = PBXFileReference; fileEncoding = 4; lastKnownFileType = sourcecode.swift; path = FileIconEntity.swift; sourceTree = "<group>"; };
		6EAAFC1B1E569A4C00A36665 /* FileThumbnail.swift */ = {isa = PBXFileReference; fileEncoding = 4; lastKnownFileType = sourcecode.swift; path = FileThumbnail.swift; sourceTree = "<group>"; };
		6EAAFC1C1E569A4C00A36665 /* FileUtils.swift */ = {isa = PBXFileReference; fileEncoding = 4; lastKnownFileType = sourcecode.swift; path = FileUtils.swift; sourceTree = "<group>"; };
		6EAAFC1F1E569A4C00A36665 /* FileCollectionViewCell.swift */ = {isa = PBXFileReference; fileEncoding = 4; lastKnownFileType = sourcecode.swift; path = FileCollectionViewCell.swift; sourceTree = "<group>"; };
		6EAAFC201E569A4C00A36665 /* FileTableViewCell.swift */ = {isa = PBXFileReference; fileEncoding = 4; lastKnownFileType = sourcecode.swift; path = FileTableViewCell.swift; sourceTree = "<group>"; };
		6EAAFC211E569A4C00A36665 /* FileCollectionView.swift */ = {isa = PBXFileReference; fileEncoding = 4; lastKnownFileType = sourcecode.swift; path = FileCollectionView.swift; sourceTree = "<group>"; };
		6EAAFC221E569A4C00A36665 /* FileContentViewProtocol.swift */ = {isa = PBXFileReference; fileEncoding = 4; lastKnownFileType = sourcecode.swift; path = FileContentViewProtocol.swift; sourceTree = "<group>"; };
		6EAAFC231E569A4C00A36665 /* FileTableView.swift */ = {isa = PBXFileReference; fileEncoding = 4; lastKnownFileType = sourcecode.swift; path = FileTableView.swift; sourceTree = "<group>"; };
		6EAAFC241E569A4C00A36665 /* FileToolBar.swift */ = {isa = PBXFileReference; fileEncoding = 4; lastKnownFileType = sourcecode.swift; path = FileToolBar.swift; sourceTree = "<group>"; };
		6EAAFC251E569A4C00A36665 /* FileView.swift */ = {isa = PBXFileReference; fileEncoding = 4; lastKnownFileType = sourcecode.swift; path = FileView.swift; sourceTree = "<group>"; };
		6EAAFC271E569A4C00A36665 /* Music.swift */ = {isa = PBXFileReference; fileEncoding = 4; lastKnownFileType = sourcecode.swift; path = Music.swift; sourceTree = "<group>"; };
		6EAAFC281E569A4C00A36665 /* MusicGroup.swift */ = {isa = PBXFileReference; fileEncoding = 4; lastKnownFileType = sourcecode.swift; path = MusicGroup.swift; sourceTree = "<group>"; };
		6EAAFC2B1E569A4C00A36665 /* MusicListViewController.swift */ = {isa = PBXFileReference; fileEncoding = 4; lastKnownFileType = sourcecode.swift; path = MusicListViewController.swift; sourceTree = "<group>"; };
		6EAAFC2D1E569A4C00A36665 /* MusicGroupMenu.swift */ = {isa = PBXFileReference; fileEncoding = 4; lastKnownFileType = sourcecode.swift; path = MusicGroupMenu.swift; sourceTree = "<group>"; };
		6EAAFC2E1E569A4C00A36665 /* MusicListNavigationTitleView.swift */ = {isa = PBXFileReference; fileEncoding = 4; lastKnownFileType = sourcecode.swift; path = MusicListNavigationTitleView.swift; sourceTree = "<group>"; };
		6EAAFC2F1E569A4C00A36665 /* MusicListTableView.swift */ = {isa = PBXFileReference; fileEncoding = 4; lastKnownFileType = sourcecode.swift; path = MusicListTableView.swift; sourceTree = "<group>"; };
		6EAAFC301E569A4C00A36665 /* MusicTableViewCell.swift */ = {isa = PBXFileReference; fileEncoding = 4; lastKnownFileType = sourcecode.swift; path = MusicTableViewCell.swift; sourceTree = "<group>"; };
		6EAAFC331E569A4C00A36665 /* MusicPlayerViewController.swift */ = {isa = PBXFileReference; fileEncoding = 4; lastKnownFileType = sourcecode.swift; path = MusicPlayerViewController.swift; sourceTree = "<group>"; };
		6EAAFC351E569A4C00A36665 /* MusicPlayerBackgroudView.swift */ = {isa = PBXFileReference; fileEncoding = 4; lastKnownFileType = sourcecode.swift; path = MusicPlayerBackgroudView.swift; sourceTree = "<group>"; };
		6EAAFC361E569A4C00A36665 /* MusicPlayerInfoView.swift */ = {isa = PBXFileReference; fileEncoding = 4; lastKnownFileType = sourcecode.swift; path = MusicPlayerInfoView.swift; sourceTree = "<group>"; };
		6EAAFC371E569A4C00A36665 /* MusicPlayerToolView.swift */ = {isa = PBXFileReference; fileEncoding = 4; lastKnownFileType = sourcecode.swift; path = MusicPlayerToolView.swift; sourceTree = "<group>"; };
		6EAAFC381E569A4C00A36665 /* MusicPlayer+NowPlayingInfo.swift */ = {isa = PBXFileReference; fileEncoding = 4; lastKnownFileType = sourcecode.swift; path = "MusicPlayer+NowPlayingInfo.swift"; sourceTree = "<group>"; };
		6EAAFC391E569A4C00A36665 /* MusicPlayer+RemoteComtrol.swift */ = {isa = PBXFileReference; fileEncoding = 4; lastKnownFileType = sourcecode.swift; path = "MusicPlayer+RemoteComtrol.swift"; sourceTree = "<group>"; };
		6EAAFC3A1E569A4C00A36665 /* MusicPlayer.swift */ = {isa = PBXFileReference; fileEncoding = 4; lastKnownFileType = sourcecode.swift; path = MusicPlayer.swift; sourceTree = "<group>"; };
		6EAAFC3D1E569A4C00A36665 /* MyMusicViewController.swift */ = {isa = PBXFileReference; fileEncoding = 4; lastKnownFileType = sourcecode.swift; path = MyMusicViewController.swift; sourceTree = "<group>"; };
		6EAAFC3F1E569A4C00A36665 /* MyMusicGroupEntity.swift */ = {isa = PBXFileReference; fileEncoding = 4; lastKnownFileType = sourcecode.swift; path = MyMusicGroupEntity.swift; sourceTree = "<group>"; };
		6EAAFC411E569A4C00A36665 /* MyMusicModel.swift */ = {isa = PBXFileReference; fileEncoding = 4; lastKnownFileType = sourcecode.swift; path = MyMusicModel.swift; sourceTree = "<group>"; };
		6EAAFC431E569A4C00A36665 /* MyMusicHeaderView.swift */ = {isa = PBXFileReference; fileEncoding = 4; lastKnownFileType = sourcecode.swift; path = MyMusicHeaderView.swift; sourceTree = "<group>"; };
		6EAAFC441E569A4C00A36665 /* MyMusicTableViewCell.swift */ = {isa = PBXFileReference; fileEncoding = 4; lastKnownFileType = sourcecode.swift; path = MyMusicTableViewCell.swift; sourceTree = "<group>"; };
		6EAAFC471E569A4C00A36665 /* MusicSearchHistoryView.swift */ = {isa = PBXFileReference; fileEncoding = 4; lastKnownFileType = sourcecode.swift; path = MusicSearchHistoryView.swift; sourceTree = "<group>"; };
		6EAAFC481E569A4C00A36665 /* MusicSearchControl.swift */ = {isa = PBXFileReference; fileEncoding = 4; lastKnownFileType = sourcecode.swift; path = MusicSearchControl.swift; sourceTree = "<group>"; };
		6EAAFC4A1E569A4C00A36665 /* MusicSearchResultView.swift */ = {isa = PBXFileReference; fileEncoding = 4; lastKnownFileType = sourcecode.swift; path = MusicSearchResultView.swift; sourceTree = "<group>"; };
		6EAAFC4C1E569A4C00A36665 /* PhotoCellNode.swift */ = {isa = PBXFileReference; fileEncoding = 4; lastKnownFileType = sourcecode.swift; path = PhotoCellNode.swift; sourceTree = "<group>"; };
		6EAAFC4D1E569A4C00A36665 /* PhotoCollectionViewCell.swift */ = {isa = PBXFileReference; fileEncoding = 4; lastKnownFileType = sourcecode.swift; path = PhotoCollectionViewCell.swift; sourceTree = "<group>"; };
		6EAAFC4E1E569A4C00A36665 /* PhotoMemoryCache.h */ = {isa = PBXFileReference; fileEncoding = 4; lastKnownFileType = sourcecode.c.h; path = PhotoMemoryCache.h; sourceTree = "<group>"; };
		6EAAFC4F1E569A4C00A36665 /* PhotoMemoryCache.m */ = {isa = PBXFileReference; fileEncoding = 4; lastKnownFileType = sourcecode.c.objc; path = PhotoMemoryCache.m; sourceTree = "<group>"; };
		6EAAFC501E569A4C00A36665 /* PhotoViewer.swift */ = {isa = PBXFileReference; fileEncoding = 4; lastKnownFileType = sourcecode.swift; path = PhotoViewer.swift; sourceTree = "<group>"; };
		6EAAFC531E569A4C00A36665 /* SettingViewController.swift */ = {isa = PBXFileReference; fileEncoding = 4; lastKnownFileType = sourcecode.swift; path = SettingViewController.swift; sourceTree = "<group>"; };
		6EAAFC551E569A4C00A36665 /* LeftMenuViewController.swift */ = {isa = PBXFileReference; fileEncoding = 4; lastKnownFileType = sourcecode.swift; path = LeftMenuViewController.swift; sourceTree = "<group>"; };
		6EAAFC561E569A4C00A36665 /* SideMenuViewController.swift */ = {isa = PBXFileReference; fileEncoding = 4; lastKnownFileType = sourcecode.swift; path = SideMenuViewController.swift; sourceTree = "<group>"; };
		6EAAFC941E569A6700A36665 /* ESTMusicIndicatorContentView.swift */ = {isa = PBXFileReference; fileEncoding = 4; lastKnownFileType = sourcecode.swift; path = ESTMusicIndicatorContentView.swift; sourceTree = "<group>"; };
		6EAAFC951E569A6700A36665 /* ESTMusicIndicatorView.swift */ = {isa = PBXFileReference; fileEncoding = 4; lastKnownFileType = sourcecode.swift; path = ESTMusicIndicatorView.swift; sourceTree = "<group>"; };
		6EB9FBBE1DACDFA9003EAC98 /* file-Bridging-Header.h */ = {isa = PBXFileReference; lastKnownFileType = sourcecode.c.h; path = "file-Bridging-Header.h"; sourceTree = "<group>"; };
		829DA12FA0BE379F80E5DB22 /* Pods-file.debug.xcconfig */ = {isa = PBXFileReference; includeInIndex = 1; lastKnownFileType = text.xcconfig; name = "Pods-file.debug.xcconfig"; path = "Pods/Target Support Files/Pods-file/Pods-file.debug.xcconfig"; sourceTree = "<group>"; };
		E24114A1717DF18A60E604F9 /* Pods_file.framework */ = {isa = PBXFileReference; explicitFileType = wrapper.framework; includeInIndex = 0; path = Pods_file.framework; sourceTree = BUILT_PRODUCTS_DIR; };
/* End PBXFileReference section */

/* Begin PBXFrameworksBuildPhase section */
		6E20607C1D93ACB000A0B5B2 /* Frameworks */ = {
			isa = PBXFrameworksBuildPhase;
			buildActionMask = 2147483647;
			files = (
				6E8B12401E485C8400B9AD24 /* ESMediaPlayer.framework in Frameworks */,
				905FDC7FB2A83BA5A2FF1813 /* Pods_file.framework in Frameworks */,
				6E8B12421E485C8400B9AD24 /* IJKMediaFramework.framework in Frameworks */,
			);
			runOnlyForDeploymentPostprocessing = 0;
		};
/* End PBXFrameworksBuildPhase section */

/* Begin PBXGroup section */
		584DA766367B1AC541521EAB /* Pods */ = {
			isa = PBXGroup;
			children = (
				829DA12FA0BE379F80E5DB22 /* Pods-file.debug.xcconfig */,
				408C2F590B39937EC438C9CE /* Pods-file.release.xcconfig */,
			);
			name = Pods;
			sourceTree = "<group>";
		};
		6E2060761D93ACB000A0B5B2 = {
			isa = PBXGroup;
			children = (
				6EAAFBF61E569A4C00A36665 /* Classes */,
				6EAAFC921E569A6700A36665 /* Librarys */,
				6E2060811D93ACB000A0B5B2 /* file */,
				6E2060801D93ACB000A0B5B2 /* Products */,
				584DA766367B1AC541521EAB /* Pods */,
				F78349FB71D13051D0F98D26 /* Frameworks */,
			);
			sourceTree = "<group>";
		};
		6E2060801D93ACB000A0B5B2 /* Products */ = {
			isa = PBXGroup;
			children = (
				6E20607F1D93ACB000A0B5B2 /* file.app */,
			);
			name = Products;
			sourceTree = "<group>";
		};
		6E2060811D93ACB000A0B5B2 /* file */ = {
			isa = PBXGroup;
			children = (
				6E2060821D93ACB000A0B5B2 /* AppDelegate.swift */,
				6E2060891D93ACB000A0B5B2 /* Assets.xcassets */,
				6E20608B1D93ACB000A0B5B2 /* LaunchScreen.storyboard */,
				6E20608E1D93ACB000A0B5B2 /* Info.plist */,
				6EB9FBBE1DACDFA9003EAC98 /* file-Bridging-Header.h */,
			);
			path = file;
			sourceTree = "<group>";
		};
		6EAAFBF61E569A4C00A36665 /* Classes */ = {
			isa = PBXGroup;
			children = (
				6EAAFBF71E569A4C00A36665 /* Common */,
				6EAAFC061E569A4C00A36665 /* Extensions */,
				6EAAFC0D1E569A4C00A36665 /* Macros */,
				6EAAFC0F1E569A4C00A36665 /* Modules */,
			);
			path = Classes;
			sourceTree = "<group>";
		};
		6EAAFBF71E569A4C00A36665 /* Common */ = {
			isa = PBXGroup;
			children = (
				6EAAFBFA1E569A4C00A36665 /* Helper */,
				6EAAFBF81E569A4C00A36665 /* ButtonCell */,
				6EAAFBFD1E569A4C00A36665 /* ImageCache */,
				6EAAFC001E569A4C00A36665 /* Menu */,
				6EAAFC041E569A4C00A36665 /* TextFieldAlertView */,
			);
			path = Common;
			sourceTree = "<group>";
		};
		6EAAFBF81E569A4C00A36665 /* ButtonCell */ = {
			isa = PBXGroup;
			children = (
				6EAAFBF91E569A4C00A36665 /* ButtonTableViewCell.swift */,
			);
			path = ButtonCell;
			sourceTree = "<group>";
		};
		6EAAFBFA1E569A4C00A36665 /* Helper */ = {
			isa = PBXGroup;
			children = (
				6EAAFBFB1E569A4C00A36665 /* NSString+MD5.h */,
				6EAAFBFC1E569A4C00A36665 /* NSString+MD5.m */,
			);
			path = Helper;
			sourceTree = "<group>";
		};
		6EAAFBFD1E569A4C00A36665 /* ImageCache */ = {
			isa = PBXGroup;
			children = (
				6EAAFBFE1E569A4C00A36665 /* ImageCache.swift */,
				6EAAFBFF1E569A4C00A36665 /* ImageEntity.swift */,
			);
			path = ImageCache;
			sourceTree = "<group>";
		};
		6EAAFC001E569A4C00A36665 /* Menu */ = {
			isa = PBXGroup;
			children = (
				6EAAFC011E569A4C00A36665 /* Menu.swift */,
				6EAAFC021E569A4C00A36665 /* MenuItem.swift */,
				6EAAFC031E569A4C00A36665 /* MenuItemView.swift */,
			);
			path = Menu;
			sourceTree = "<group>";
		};
		6EAAFC041E569A4C00A36665 /* TextFieldAlertView */ = {
			isa = PBXGroup;
			children = (
				6EAAFC051E569A4C00A36665 /* TextFieldAlertView.swift */,
			);
			path = TextFieldAlertView;
			sourceTree = "<group>";
		};
		6EAAFC061E569A4C00A36665 /* Extensions */ = {
			isa = PBXGroup;
			children = (
				6EAAFC071E569A4C00A36665 /* Equatable.swift */,
				6EAAFC081E569A4C00A36665 /* String.swift */,
				6EAAFC091E569A4C00A36665 /* UIImage.swift */,
				6EAAFC0A1E569A4C00A36665 /* UIView+Frame.swift */,
				6EAAFC0B1E569A4C00A36665 /* UIViewController.swift */,
				6EAAFC0C1E569A4C00A36665 /* URL.swift */,
			);
			path = Extensions;
			sourceTree = "<group>";
		};
		6EAAFC0D1E569A4C00A36665 /* Macros */ = {
			isa = PBXGroup;
			children = (
				6EAAFC0E1E569A4C00A36665 /* Macro.swift */,
			);
			path = Macros;
			sourceTree = "<group>";
		};
		6EAAFC0F1E569A4C00A36665 /* Modules */ = {
			isa = PBXGroup;
			children = (
				6EAAFC541E569A4C00A36665 /* SideMenu */,
				6EAAFC101E569A4C00A36665 /* File */,
				6EAAFC261E569A4C00A36665 /* Music */,
				6EAAFC4B1E569A4C00A36665 /* PhotoViewer */,
				6EAAFC511E569A4C00A36665 /* Setting */,
			);
			path = Modules;
			sourceTree = "<group>";
		};
		6EAAFC101E569A4C00A36665 /* File */ = {
			isa = PBXGroup;
			children = (
				6EAAFC111E569A4C00A36665 /* Controller */,
				6EAAFC131E569A4C00A36665 /* Entity */,
				6EAAFC171E569A4C00A36665 /* Model */,
				6EAAFC191E569A4C00A36665 /* Utils */,
				6EAAFC1D1E569A4C00A36665 /* View */,
			);
			path = File;
			sourceTree = "<group>";
		};
		6EAAFC111E569A4C00A36665 /* Controller */ = {
			isa = PBXGroup;
			children = (
				6EAAFC121E569A4C00A36665 /* FileViewController.swift */,
			);
			path = Controller;
			sourceTree = "<group>";
		};
		6EAAFC131E569A4C00A36665 /* Entity */ = {
			isa = PBXGroup;
			children = (
				6EAAFC141E569A4C00A36665 /* File.swift */,
				6EAAFC151E569A4C00A36665 /* FileAttributes.swift */,
				6EAAFC161E569A4C00A36665 /* FileType.swift */,
			);
			path = Entity;
			sourceTree = "<group>";
		};
		6EAAFC171E569A4C00A36665 /* Model */ = {
			isa = PBXGroup;
			children = (
				6EAAFC181E569A4C00A36665 /* FileModel.swift */,
			);
			path = Model;
			sourceTree = "<group>";
		};
		6EAAFC191E569A4C00A36665 /* Utils */ = {
			isa = PBXGroup;
			children = (
				6EAAFC1A1E569A4C00A36665 /* FileIconEntity.swift */,
				6EAAFC1B1E569A4C00A36665 /* FileThumbnail.swift */,
				6EAAFC1C1E569A4C00A36665 /* FileUtils.swift */,
			);
			path = Utils;
			sourceTree = "<group>";
		};
		6EAAFC1D1E569A4C00A36665 /* View */ = {
			isa = PBXGroup;
			children = (
				6EAAFC1E1E569A4C00A36665 /* Cell */,
				6EAAFC211E569A4C00A36665 /* FileCollectionView.swift */,
				6EAAFC221E569A4C00A36665 /* FileContentViewProtocol.swift */,
				6EAAFC231E569A4C00A36665 /* FileTableView.swift */,
				6EAAFC241E569A4C00A36665 /* FileToolBar.swift */,
				6EAAFC251E569A4C00A36665 /* FileView.swift */,
			);
			path = View;
			sourceTree = "<group>";
		};
		6EAAFC1E1E569A4C00A36665 /* Cell */ = {
			isa = PBXGroup;
			children = (
				6EAAFC1F1E569A4C00A36665 /* FileCollectionViewCell.swift */,
				6EAAFC201E569A4C00A36665 /* FileTableViewCell.swift */,
			);
			path = Cell;
			sourceTree = "<group>";
		};
		6EAAFC261E569A4C00A36665 /* Music */ = {
			isa = PBXGroup;
			children = (
				6EAAFC271E569A4C00A36665 /* Music.swift */,
				6EAAFC281E569A4C00A36665 /* MusicGroup.swift */,
				6EAAFC291E569A4C00A36665 /* MusicList */,
				6EAAFC311E569A4C00A36665 /* MusicPlayer */,
				6EAAFC381E569A4C00A36665 /* MusicPlayer+NowPlayingInfo.swift */,
				6EAAFC391E569A4C00A36665 /* MusicPlayer+RemoteComtrol.swift */,
				6EAAFC3A1E569A4C00A36665 /* MusicPlayer.swift */,
				6EAAFC3B1E569A4C00A36665 /* MyMusic */,
				6EAAFC451E569A4C00A36665 /* Search */,
			);
			path = Music;
			sourceTree = "<group>";
		};
		6EAAFC291E569A4C00A36665 /* MusicList */ = {
			isa = PBXGroup;
			children = (
				6EAAFC2A1E569A4C00A36665 /* Controller */,
				6EAAFC2C1E569A4C00A36665 /* View */,
			);
			path = MusicList;
			sourceTree = "<group>";
		};
		6EAAFC2A1E569A4C00A36665 /* Controller */ = {
			isa = PBXGroup;
			children = (
				6EAAFC2B1E569A4C00A36665 /* MusicListViewController.swift */,
			);
			path = Controller;
			sourceTree = "<group>";
		};
		6EAAFC2C1E569A4C00A36665 /* View */ = {
			isa = PBXGroup;
			children = (
				6EAAFC2D1E569A4C00A36665 /* MusicGroupMenu.swift */,
				6EAAFC2E1E569A4C00A36665 /* MusicListNavigationTitleView.swift */,
				6EAAFC2F1E569A4C00A36665 /* MusicListTableView.swift */,
				6EAAFC301E569A4C00A36665 /* MusicTableViewCell.swift */,
			);
			path = View;
			sourceTree = "<group>";
		};
		6EAAFC311E569A4C00A36665 /* MusicPlayer */ = {
			isa = PBXGroup;
			children = (
				6EAAFC321E569A4C00A36665 /* Controller */,
				6EAAFC341E569A4C00A36665 /* View */,
			);
			path = MusicPlayer;
			sourceTree = "<group>";
		};
		6EAAFC321E569A4C00A36665 /* Controller */ = {
			isa = PBXGroup;
			children = (
				6EAAFC331E569A4C00A36665 /* MusicPlayerViewController.swift */,
			);
			path = Controller;
			sourceTree = "<group>";
		};
		6EAAFC341E569A4C00A36665 /* View */ = {
			isa = PBXGroup;
			children = (
				6EAAFC351E569A4C00A36665 /* MusicPlayerBackgroudView.swift */,
				6EAAFC361E569A4C00A36665 /* MusicPlayerInfoView.swift */,
				6EAAFC371E569A4C00A36665 /* MusicPlayerToolView.swift */,
			);
			path = View;
			sourceTree = "<group>";
		};
		6EAAFC3B1E569A4C00A36665 /* MyMusic */ = {
			isa = PBXGroup;
			children = (
				6EAAFC3C1E569A4C00A36665 /* Controller */,
				6EAAFC3E1E569A4C00A36665 /* Entity */,
				6EAAFC401E569A4C00A36665 /* Model */,
				6EAAFC421E569A4C00A36665 /* View */,
			);
			path = MyMusic;
			sourceTree = "<group>";
		};
		6EAAFC3C1E569A4C00A36665 /* Controller */ = {
			isa = PBXGroup;
			children = (
				6EAAFC3D1E569A4C00A36665 /* MyMusicViewController.swift */,
			);
			path = Controller;
			sourceTree = "<group>";
		};
		6EAAFC3E1E569A4C00A36665 /* Entity */ = {
			isa = PBXGroup;
			children = (
				6EAAFC3F1E569A4C00A36665 /* MyMusicGroupEntity.swift */,
			);
			path = Entity;
			sourceTree = "<group>";
		};
		6EAAFC401E569A4C00A36665 /* Model */ = {
			isa = PBXGroup;
			children = (
				6EAAFC411E569A4C00A36665 /* MyMusicModel.swift */,
			);
			path = Model;
			sourceTree = "<group>";
		};
		6EAAFC421E569A4C00A36665 /* View */ = {
			isa = PBXGroup;
			children = (
				6EAAFC431E569A4C00A36665 /* MyMusicHeaderView.swift */,
				6EAAFC441E569A4C00A36665 /* MyMusicTableViewCell.swift */,
			);
			path = View;
			sourceTree = "<group>";
		};
		6EAAFC451E569A4C00A36665 /* Search */ = {
			isa = PBXGroup;
			children = (
				6EAAFC461E569A4C00A36665 /* History */,
				6EAAFC481E569A4C00A36665 /* MusicSearchControl.swift */,
				6EAAFC491E569A4C00A36665 /* Result */,
			);
			path = Search;
			sourceTree = "<group>";
		};
		6EAAFC461E569A4C00A36665 /* History */ = {
			isa = PBXGroup;
			children = (
				6EAAFC471E569A4C00A36665 /* MusicSearchHistoryView.swift */,
			);
			path = History;
			sourceTree = "<group>";
		};
		6EAAFC491E569A4C00A36665 /* Result */ = {
			isa = PBXGroup;
			children = (
				6EAAFC4A1E569A4C00A36665 /* MusicSearchResultView.swift */,
			);
			path = Result;
			sourceTree = "<group>";
		};
		6EAAFC4B1E569A4C00A36665 /* PhotoViewer */ = {
			isa = PBXGroup;
			children = (
				6EAAFC4C1E569A4C00A36665 /* PhotoCellNode.swift */,
				6EAAFC4D1E569A4C00A36665 /* PhotoCollectionViewCell.swift */,
				6EAAFC4E1E569A4C00A36665 /* PhotoMemoryCache.h */,
				6EAAFC4F1E569A4C00A36665 /* PhotoMemoryCache.m */,
				6EAAFC501E569A4C00A36665 /* PhotoViewer.swift */,
			);
			path = PhotoViewer;
			sourceTree = "<group>";
		};
		6EAAFC511E569A4C00A36665 /* Setting */ = {
			isa = PBXGroup;
			children = (
				6EAAFC521E569A4C00A36665 /* Controller */,
			);
			path = Setting;
			sourceTree = "<group>";
		};
		6EAAFC521E569A4C00A36665 /* Controller */ = {
			isa = PBXGroup;
			children = (
				6EAAFC531E569A4C00A36665 /* SettingViewController.swift */,
			);
			path = Controller;
			sourceTree = "<group>";
		};
		6EAAFC541E569A4C00A36665 /* SideMenu */ = {
			isa = PBXGroup;
			children = (
				6EAAFC551E569A4C00A36665 /* LeftMenuViewController.swift */,
				6EAAFC561E569A4C00A36665 /* SideMenuViewController.swift */,
			);
			path = SideMenu;
			sourceTree = "<group>";
		};
		6EAAFC921E569A6700A36665 /* Librarys */ = {
			isa = PBXGroup;
			children = (
				6EAAFC931E569A6700A36665 /* ESTMusicIndicator */,
			);
			path = Librarys;
			sourceTree = "<group>";
		};
		6EAAFC931E569A6700A36665 /* ESTMusicIndicator */ = {
			isa = PBXGroup;
			children = (
				6EAAFC941E569A6700A36665 /* ESTMusicIndicatorContentView.swift */,
				6EAAFC951E569A6700A36665 /* ESTMusicIndicatorView.swift */,
			);
			path = ESTMusicIndicator;
			sourceTree = "<group>";
		};
		F78349FB71D13051D0F98D26 /* Frameworks */ = {
			isa = PBXGroup;
			children = (
				6E8B123C1E485C6500B9AD24 /* ESMediaPlayer.framework */,
				6E8B123D1E485C6500B9AD24 /* IJKMediaFramework.framework */,
				E24114A1717DF18A60E604F9 /* Pods_file.framework */,
			);
			name = Frameworks;
			sourceTree = "<group>";
		};
/* End PBXGroup section */

/* Begin PBXNativeTarget section */
		6E20607E1D93ACB000A0B5B2 /* file */ = {
			isa = PBXNativeTarget;
			buildConfigurationList = 6E2060911D93ACB000A0B5B2 /* Build configuration list for PBXNativeTarget "file" */;
			buildPhases = (
				3824C03D1DF9D305327D3197 /* [CP] Check Pods Manifest.lock */,
				6E20607B1D93ACB000A0B5B2 /* Sources */,
				6E20607C1D93ACB000A0B5B2 /* Frameworks */,
				6E20607D1D93ACB000A0B5B2 /* Resources */,
				6EB1007D1DAA01DB00E1A643 /* Embed Frameworks */,
				8EB7E4E662D2E65D8F540B97 /* [CP] Embed Pods Frameworks */,
				B2F84E311834ED87216A5C43 /* [CP] Copy Pods Resources */,
			);
			buildRules = (
			);
			dependencies = (
			);
			name = file;
			productName = file;
			productReference = 6E20607F1D93ACB000A0B5B2 /* file.app */;
			productType = "com.apple.product-type.application";
		};
/* End PBXNativeTarget section */

/* Begin PBXProject section */
		6E2060771D93ACB000A0B5B2 /* Project object */ = {
			isa = PBXProject;
			attributes = {
				LastSwiftUpdateCheck = 0800;
				LastUpgradeCheck = 0820;
				ORGANIZATIONNAME = "云之彼端";
				TargetAttributes = {
					6E20607E1D93ACB000A0B5B2 = {
						CreatedOnToolsVersion = 8.0;
						DevelopmentTeam = 959Q9RL588;
						LastSwiftMigration = 0800;
						ProvisioningStyle = Automatic;
					};
				};
			};
			buildConfigurationList = 6E20607A1D93ACB000A0B5B2 /* Build configuration list for PBXProject "file" */;
			compatibilityVersion = "Xcode 3.2";
			developmentRegion = English;
			hasScannedForEncodings = 0;
			knownRegions = (
				en,
				Base,
			);
			mainGroup = 6E2060761D93ACB000A0B5B2;
			productRefGroup = 6E2060801D93ACB000A0B5B2 /* Products */;
			projectDirPath = "";
			projectRoot = "";
			targets = (
				6E20607E1D93ACB000A0B5B2 /* file */,
			);
		};
/* End PBXProject section */

/* Begin PBXResourcesBuildPhase section */
		6E20607D1D93ACB000A0B5B2 /* Resources */ = {
			isa = PBXResourcesBuildPhase;
			buildActionMask = 2147483647;
			files = (
				6E20608D1D93ACB000A0B5B2 /* LaunchScreen.storyboard in Resources */,
				6E20608A1D93ACB000A0B5B2 /* Assets.xcassets in Resources */,
			);
			runOnlyForDeploymentPostprocessing = 0;
		};
/* End PBXResourcesBuildPhase section */

/* Begin PBXShellScriptBuildPhase section */
		3824C03D1DF9D305327D3197 /* [CP] Check Pods Manifest.lock */ = {
			isa = PBXShellScriptBuildPhase;
			buildActionMask = 2147483647;
			files = (
			);
			inputPaths = (
			);
			name = "[CP] Check Pods Manifest.lock";
			outputPaths = (
			);
			runOnlyForDeploymentPostprocessing = 0;
			shellPath = /bin/sh;
			shellScript = "diff \"${PODS_ROOT}/../Podfile.lock\" \"${PODS_ROOT}/Manifest.lock\" > /dev/null\nif [ $? != 0 ] ; then\n    # print error to STDERR\n    echo \"error: The sandbox is not in sync with the Podfile.lock. Run 'pod install' or update your CocoaPods installation.\" >&2\n    exit 1\nfi\n";
			showEnvVarsInLog = 0;
		};
		8EB7E4E662D2E65D8F540B97 /* [CP] Embed Pods Frameworks */ = {
			isa = PBXShellScriptBuildPhase;
			buildActionMask = 2147483647;
			files = (
			);
			inputPaths = (
			);
			name = "[CP] Embed Pods Frameworks";
			outputPaths = (
			);
			runOnlyForDeploymentPostprocessing = 0;
			shellPath = /bin/sh;
			shellScript = "\"${SRCROOT}/Pods/Target Support Files/Pods-file/Pods-file-frameworks.sh\"\n";
			showEnvVarsInLog = 0;
		};
		B2F84E311834ED87216A5C43 /* [CP] Copy Pods Resources */ = {
			isa = PBXShellScriptBuildPhase;
			buildActionMask = 2147483647;
			files = (
			);
			inputPaths = (
			);
			name = "[CP] Copy Pods Resources";
			outputPaths = (
			);
			runOnlyForDeploymentPostprocessing = 0;
			shellPath = /bin/sh;
			shellScript = "\"${SRCROOT}/Pods/Target Support Files/Pods-file/Pods-file-resources.sh\"\n";
			showEnvVarsInLog = 0;
		};
/* End PBXShellScriptBuildPhase section */

/* Begin PBXSourcesBuildPhase section */
		6E20607B1D93ACB000A0B5B2 /* Sources */ = {
			isa = PBXSourcesBuildPhase;
			buildActionMask = 2147483647;
			files = (
				6EAAFC591E569A4C00A36665 /* ImageCache.swift in Sources */,
				6EAAFC6F1E569A4C00A36665 /* FileTableViewCell.swift in Sources */,
				6EAAFC601E569A4C00A36665 /* String.swift in Sources */,
				6EAAFC801E569A4C00A36665 /* MusicPlayer+NowPlayingInfo.swift in Sources */,
				6EAAFC8A1E569A4C00A36665 /* MusicSearchResultView.swift in Sources */,
				6EAAFC791E569A4C00A36665 /* MusicListNavigationTitleView.swift in Sources */,
				6EAAFC841E569A4C00A36665 /* MyMusicGroupEntity.swift in Sources */,
				6EAAFC721E569A4C00A36665 /* FileTableView.swift in Sources */,
				6EAAFC5B1E569A4C00A36665 /* Menu.swift in Sources */,
				6EAAFC901E569A4C00A36665 /* LeftMenuViewController.swift in Sources */,
				6EAAFC6E1E569A4C00A36665 /* FileCollectionViewCell.swift in Sources */,
				6EAAFC5A1E569A4C00A36665 /* ImageEntity.swift in Sources */,
				6EAAFC671E569A4C00A36665 /* File.swift in Sources */,
				6EAAFC751E569A4C00A36665 /* Music.swift in Sources */,
				6EAAFC711E569A4C00A36665 /* FileContentViewProtocol.swift in Sources */,
				6EAAFC8E1E569A4C00A36665 /* PhotoViewer.swift in Sources */,
				6EAAFC5D1E569A4C00A36665 /* MenuItemView.swift in Sources */,
				6EAAFC6A1E569A4C00A36665 /* FileModel.swift in Sources */,
				6EAAFC6C1E569A4C00A36665 /* FileThumbnail.swift in Sources */,
				6EAAFC7B1E569A4C00A36665 /* MusicTableViewCell.swift in Sources */,
				6EAAFC6D1E569A4C00A36665 /* FileUtils.swift in Sources */,
				6E2060831D93ACB000A0B5B2 /* AppDelegate.swift in Sources */,
				6EAAFC701E569A4C00A36665 /* FileCollectionView.swift in Sources */,
				6EAAFC8B1E569A4C00A36665 /* PhotoCellNode.swift in Sources */,
				6EAAFC8C1E569A4C00A36665 /* PhotoCollectionViewCell.swift in Sources */,
				6EAAFC641E569A4C00A36665 /* URL.swift in Sources */,
				6EAAFC7D1E569A4C00A36665 /* MusicPlayerBackgroudView.swift in Sources */,
				6EAAFC781E569A4C00A36665 /* MusicGroupMenu.swift in Sources */,
				6EAAFC761E569A4C00A36665 /* MusicGroup.swift in Sources */,
				6EAAFC971E569A6700A36665 /* ESTMusicIndicatorContentView.swift in Sources */,
				6EAAFC891E569A4C00A36665 /* MusicSearchControl.swift in Sources */,
				6EAAFC5F1E569A4C00A36665 /* Equatable.swift in Sources */,
				6EAAFC771E569A4C00A36665 /* MusicListViewController.swift in Sources */,
				6EAAFC661E569A4C00A36665 /* FileViewController.swift in Sources */,
				6EAAFC911E569A4C00A36665 /* SideMenuViewController.swift in Sources */,
				6EAAFC7C1E569A4C00A36665 /* MusicPlayerViewController.swift in Sources */,
				6EAAFC831E569A4C00A36665 /* MyMusicViewController.swift in Sources */,
				6EAAFC8F1E569A4C00A36665 /* SettingViewController.swift in Sources */,
				6EAAFC581E569A4C00A36665 /* NSString+MD5.m in Sources */,
				6EAAFC871E569A4C00A36665 /* MyMusicTableViewCell.swift in Sources */,
				6EAAFC5C1E569A4C00A36665 /* MenuItem.swift in Sources */,
				6EAAFC821E569A4C00A36665 /* MusicPlayer.swift in Sources */,
				6EAAFC621E569A4C00A36665 /* UIView+Frame.swift in Sources */,
				6EAAFC8D1E569A4C00A36665 /* PhotoMemoryCache.m in Sources */,
				6EAAFC5E1E569A4C00A36665 /* TextFieldAlertView.swift in Sources */,
				6EAAFC861E569A4C00A36665 /* MyMusicHeaderView.swift in Sources */,
				6EAAFC571E569A4C00A36665 /* ButtonTableViewCell.swift in Sources */,
				6EAAFC7A1E569A4C00A36665 /* MusicListTableView.swift in Sources */,
				6EAAFC811E569A4C00A36665 /* MusicPlayer+RemoteComtrol.swift in Sources */,
				6EAAFC691E569A4C00A36665 /* FileType.swift in Sources */,
				6EAAFC7F1E569A4C00A36665 /* MusicPlayerToolView.swift in Sources */,
				6EAAFC851E569A4C00A36665 /* MyMusicModel.swift in Sources */,
				6EAAFC7E1E569A4C00A36665 /* MusicPlayerInfoView.swift in Sources */,
				6EAAFC631E569A4C00A36665 /* UIViewController.swift in Sources */,
				6EAAFC741E569A4C00A36665 /* FileView.swift in Sources */,
				6EAAFC651E569A4C00A36665 /* Macro.swift in Sources */,
				6EAAFC881E569A4C00A36665 /* MusicSearchHistoryView.swift in Sources */,
				6EAAFC981E569A6700A36665 /* ESTMusicIndicatorView.swift in Sources */,
				6EAAFC6B1E569A4C00A36665 /* FileIconEntity.swift in Sources */,
				6EAAFC611E569A4C00A36665 /* UIImage.swift in Sources */,
				6EAAFC681E569A4C00A36665 /* FileAttributes.swift in Sources */,
				6EAAFC731E569A4C00A36665 /* FileToolBar.swift in Sources */,
			);
			runOnlyForDeploymentPostprocessing = 0;
		};
/* End PBXSourcesBuildPhase section */

/* Begin PBXVariantGroup section */
		6E20608B1D93ACB000A0B5B2 /* LaunchScreen.storyboard */ = {
			isa = PBXVariantGroup;
			children = (
				6E20608C1D93ACB000A0B5B2 /* Base */,
			);
			name = LaunchScreen.storyboard;
			sourceTree = "<group>";
		};
/* End PBXVariantGroup section */

/* Begin XCBuildConfiguration section */
		6E20608F1D93ACB000A0B5B2 /* Debug */ = {
			isa = XCBuildConfiguration;
			buildSettings = {
				ALWAYS_SEARCH_USER_PATHS = NO;
				CLANG_ANALYZER_NONNULL = YES;
				CLANG_CXX_LANGUAGE_STANDARD = "gnu++0x";
				CLANG_CXX_LIBRARY = "libc++";
				CLANG_ENABLE_MODULES = YES;
				CLANG_ENABLE_OBJC_ARC = YES;
				CLANG_WARN_BOOL_CONVERSION = YES;
				CLANG_WARN_CONSTANT_CONVERSION = YES;
				CLANG_WARN_DIRECT_OBJC_ISA_USAGE = YES_ERROR;
				CLANG_WARN_DOCUMENTATION_COMMENTS = YES;
				CLANG_WARN_EMPTY_BODY = YES;
				CLANG_WARN_ENUM_CONVERSION = YES;
				CLANG_WARN_INFINITE_RECURSION = YES;
				CLANG_WARN_INT_CONVERSION = YES;
				CLANG_WARN_OBJC_ROOT_CLASS = YES_ERROR;
				CLANG_WARN_SUSPICIOUS_MOVE = YES;
				CLANG_WARN_SUSPICIOUS_MOVES = YES;
				CLANG_WARN_UNREACHABLE_CODE = YES;
				CLANG_WARN__DUPLICATE_METHOD_MATCH = YES;
				"CODE_SIGN_IDENTITY[sdk=iphoneos*]" = "iPhone Developer";
				COPY_PHASE_STRIP = NO;
				DEBUG_INFORMATION_FORMAT = dwarf;
				ENABLE_STRICT_OBJC_MSGSEND = YES;
				ENABLE_TESTABILITY = YES;
				GCC_C_LANGUAGE_STANDARD = gnu99;
				GCC_DYNAMIC_NO_PIC = NO;
				GCC_NO_COMMON_BLOCKS = YES;
				GCC_OPTIMIZATION_LEVEL = 0;
				GCC_PREPROCESSOR_DEFINITIONS = (
					"DEBUG=1",
					"$(inherited)",
				);
				GCC_WARN_64_TO_32_BIT_CONVERSION = YES;
				GCC_WARN_ABOUT_RETURN_TYPE = YES_ERROR;
				GCC_WARN_UNDECLARED_SELECTOR = YES;
				GCC_WARN_UNINITIALIZED_AUTOS = YES_AGGRESSIVE;
				GCC_WARN_UNUSED_FUNCTION = YES;
				GCC_WARN_UNUSED_VARIABLE = YES;
				IPHONEOS_DEPLOYMENT_TARGET = 10.0;
				MTL_ENABLE_DEBUG_INFO = YES;
				ONLY_ACTIVE_ARCH = YES;
				SDKROOT = iphoneos;
				SWIFT_ACTIVE_COMPILATION_CONDITIONS = DEBUG;
				SWIFT_OPTIMIZATION_LEVEL = "-Onone";
			};
			name = Debug;
		};
		6E2060901D93ACB000A0B5B2 /* Release */ = {
			isa = XCBuildConfiguration;
			buildSettings = {
				ALWAYS_SEARCH_USER_PATHS = NO;
				CLANG_ANALYZER_NONNULL = YES;
				CLANG_CXX_LANGUAGE_STANDARD = "gnu++0x";
				CLANG_CXX_LIBRARY = "libc++";
				CLANG_ENABLE_MODULES = YES;
				CLANG_ENABLE_OBJC_ARC = YES;
				CLANG_WARN_BOOL_CONVERSION = YES;
				CLANG_WARN_CONSTANT_CONVERSION = YES;
				CLANG_WARN_DIRECT_OBJC_ISA_USAGE = YES_ERROR;
				CLANG_WARN_DOCUMENTATION_COMMENTS = YES;
				CLANG_WARN_EMPTY_BODY = YES;
				CLANG_WARN_ENUM_CONVERSION = YES;
				CLANG_WARN_INFINITE_RECURSION = YES;
				CLANG_WARN_INT_CONVERSION = YES;
				CLANG_WARN_OBJC_ROOT_CLASS = YES_ERROR;
				CLANG_WARN_SUSPICIOUS_MOVE = YES;
				CLANG_WARN_SUSPICIOUS_MOVES = YES;
				CLANG_WARN_UNREACHABLE_CODE = YES;
				CLANG_WARN__DUPLICATE_METHOD_MATCH = YES;
				"CODE_SIGN_IDENTITY[sdk=iphoneos*]" = "iPhone Developer";
				COPY_PHASE_STRIP = NO;
				DEBUG_INFORMATION_FORMAT = "dwarf-with-dsym";
				ENABLE_NS_ASSERTIONS = NO;
				ENABLE_STRICT_OBJC_MSGSEND = YES;
				GCC_C_LANGUAGE_STANDARD = gnu99;
				GCC_NO_COMMON_BLOCKS = YES;
				GCC_WARN_64_TO_32_BIT_CONVERSION = YES;
				GCC_WARN_ABOUT_RETURN_TYPE = YES_ERROR;
				GCC_WARN_UNDECLARED_SELECTOR = YES;
				GCC_WARN_UNINITIALIZED_AUTOS = YES_AGGRESSIVE;
				GCC_WARN_UNUSED_FUNCTION = YES;
				GCC_WARN_UNUSED_VARIABLE = YES;
				IPHONEOS_DEPLOYMENT_TARGET = 10.0;
				MTL_ENABLE_DEBUG_INFO = NO;
				SDKROOT = iphoneos;
				SWIFT_OPTIMIZATION_LEVEL = "-Owholemodule";
				VALIDATE_PRODUCT = YES;
			};
			name = Release;
		};
		6E2060921D93ACB000A0B5B2 /* Debug */ = {
			isa = XCBuildConfiguration;
			baseConfigurationReference = 829DA12FA0BE379F80E5DB22 /* Pods-file.debug.xcconfig */;
			buildSettings = {
				ALWAYS_EMBED_SWIFT_STANDARD_LIBRARIES = YES;
				ASSETCATALOG_COMPILER_APPICON_NAME = AppIcon;
				CLANG_ENABLE_MODULES = YES;
				DEVELOPMENT_TEAM = 959Q9RL588;
				FRAMEWORK_SEARCH_PATHS = (
					"$(inherited)",
					"$(PROJECT_DIR)/Frameworks",
					"$(PROJECT_DIR)$(LOCAL_LIBRARY_DIR)s",
				);
				INFOPLIST_FILE = file/Info.plist;
				IPHONEOS_DEPLOYMENT_TARGET = 8.0;
				LD_RUNPATH_SEARCH_PATHS = "$(inherited) @executable_path/Frameworks";
				LIBRARY_SEARCH_PATHS = "";
				PRODUCT_BUNDLE_IDENTIFIER = com.cezr.file;
				PRODUCT_NAME = "$(TARGET_NAME)";
				SWIFT_OBJC_BRIDGING_HEADER = "file/file-Bridging-Header.h";
				SWIFT_OPTIMIZATION_LEVEL = "-Onone";
				SWIFT_VERSION = 3.0;
			};
			name = Debug;
		};
		6E2060931D93ACB000A0B5B2 /* Release */ = {
			isa = XCBuildConfiguration;
			baseConfigurationReference = 408C2F590B39937EC438C9CE /* Pods-file.release.xcconfig */;
			buildSettings = {
				ALWAYS_EMBED_SWIFT_STANDARD_LIBRARIES = YES;
				ASSETCATALOG_COMPILER_APPICON_NAME = AppIcon;
				CLANG_ENABLE_MODULES = YES;
				DEVELOPMENT_TEAM = 959Q9RL588;
				FRAMEWORK_SEARCH_PATHS = (
					"$(inherited)",
					"$(PROJECT_DIR)/Frameworks",
					"$(PROJECT_DIR)$(LOCAL_LIBRARY_DIR)s",
				);
				INFOPLIST_FILE = file/Info.plist;
				IPHONEOS_DEPLOYMENT_TARGET = 8.0;
				LD_RUNPATH_SEARCH_PATHS = "$(inherited) @executable_path/Frameworks";
				LIBRARY_SEARCH_PATHS = "";
				PRODUCT_BUNDLE_IDENTIFIER = com.cezr.file;
				PRODUCT_NAME = "$(TARGET_NAME)";
				SWIFT_OBJC_BRIDGING_HEADER = "file/file-Bridging-Header.h";
				SWIFT_VERSION = 3.0;
			};
			name = Release;
		};
/* End XCBuildConfiguration section */

/* Begin XCConfigurationList section */
		6E20607A1D93ACB000A0B5B2 /* Build configuration list for PBXProject "file" */ = {
			isa = XCConfigurationList;
			buildConfigurations = (
				6E20608F1D93ACB000A0B5B2 /* Debug */,
				6E2060901D93ACB000A0B5B2 /* Release */,
			);
			defaultConfigurationIsVisible = 0;
			defaultConfigurationName = Release;
		};
		6E2060911D93ACB000A0B5B2 /* Build configuration list for PBXNativeTarget "file" */ = {
			isa = XCConfigurationList;
			buildConfigurations = (
				6E2060921D93ACB000A0B5B2 /* Debug */,
				6E2060931D93ACB000A0B5B2 /* Release */,
			);
			defaultConfigurationIsVisible = 0;
			defaultConfigurationName = Release;
		};
/* End XCConfigurationList section */
	};
	rootObject = 6E2060771D93ACB000A0B5B2 /* Project object */;
}
