// !$*UTF8*$!
{
	archiveVersion = 1;
	classes = {
	};
	objectVersion = 46;
	objects = {

/* Begin PBXBuildFile section */
		6E04CA631D23E940003C9909 /* ThumbnailCache.swift in Sources */ = {isa = PBXBuildFile; fileRef = 6E04CA621D23E940003C9909 /* ThumbnailCache.swift */; };
		6E04CA651D23EEEC003C9909 /* UIImage.swift in Sources */ = {isa = PBXBuildFile; fileRef = 6E04CA641D23EEEC003C9909 /* UIImage.swift */; };
		6E0B9E821D225CBB007C12C6 /* AppDelegate.swift in Sources */ = {isa = PBXBuildFile; fileRef = 6E0B9E811D225CBB007C12C6 /* AppDelegate.swift */; };
		6E0B9E841D225CBB007C12C6 /* ViewController.swift in Sources */ = {isa = PBXBuildFile; fileRef = 6E0B9E831D225CBB007C12C6 /* ViewController.swift */; };
		6E0B9E871D225CBC007C12C6 /* Main.storyboard in Resources */ = {isa = PBXBuildFile; fileRef = 6E0B9E851D225CBC007C12C6 /* Main.storyboard */; };
		6E0B9E891D225CBC007C12C6 /* Assets.xcassets in Resources */ = {isa = PBXBuildFile; fileRef = 6E0B9E881D225CBC007C12C6 /* Assets.xcassets */; };
		6E0B9E8C1D225CBC007C12C6 /* LaunchScreen.storyboard in Resources */ = {isa = PBXBuildFile; fileRef = 6E0B9E8A1D225CBC007C12C6 /* LaunchScreen.storyboard */; };
		6E312A151D2FA2070045C191 /* MusicToolView.swift in Sources */ = {isa = PBXBuildFile; fileRef = 6E312A141D2FA2070045C191 /* MusicToolView.swift */; };
		6E312A171D2FA89D0045C191 /* 50276332_p0.png in Resources */ = {isa = PBXBuildFile; fileRef = 6E312A161D2FA89D0045C191 /* 50276332_p0.png */; };
		6E312A191D2FC7BD0045C191 /* MusicBackgroundView.swift in Sources */ = {isa = PBXBuildFile; fileRef = 6E312A181D2FC7BD0045C191 /* MusicBackgroundView.swift */; };
		6E312A1B1D2FC8890045C191 /* 48269530_p0.png in Resources */ = {isa = PBXBuildFile; fileRef = 6E312A1A1D2FC8890045C191 /* 48269530_p0.png */; };
		6E312A1D1D2FC8C20045C191 /* 56508748_p0.png in Resources */ = {isa = PBXBuildFile; fileRef = 6E312A1C1D2FC8C20045C191 /* 56508748_p0.png */; };
		6E312A211D2FC9400045C191 /* 53983444_p0.png in Resources */ = {isa = PBXBuildFile; fileRef = 6E312A201D2FC9400045C191 /* 53983444_p0.png */; };
		6E312A251D2FC96C0045C191 /* 42826426_p0.png in Resources */ = {isa = PBXBuildFile; fileRef = 6E312A241D2FC96C0045C191 /* 42826426_p0.png */; };
		6E312A2B1D2FDB820045C191 /* Function.swift in Sources */ = {isa = PBXBuildFile; fileRef = 6E312A2A1D2FDB820045C191 /* Function.swift */; };
		6E53C43C1D33938F00F1AAAF /* FileListToolView.swift in Sources */ = {isa = PBXBuildFile; fileRef = 6E53C43B1D33938F00F1AAAF /* FileListToolView.swift */; };
		6E53C43E1D34DCD500F1AAAF /* NewDirectoryView.swift in Sources */ = {isa = PBXBuildFile; fileRef = 6E53C43D1D34DCD500F1AAAF /* NewDirectoryView.swift */; };
		6E53C4401D350BAC00F1AAAF /* SelectDirectoryViewController.swift in Sources */ = {isa = PBXBuildFile; fileRef = 6E53C43F1D350BAC00F1AAAF /* SelectDirectoryViewController.swift */; };
		6E53C4421D350DC600F1AAAF /* FIleListTableView.swift in Sources */ = {isa = PBXBuildFile; fileRef = 6E53C4411D350DC600F1AAAF /* FIleListTableView.swift */; };
		6E53C4441D350FCF00F1AAAF /* FileTableViewCell.swift in Sources */ = {isa = PBXBuildFile; fileRef = 6E53C4431D350FCF00F1AAAF /* FileTableViewCell.swift */; };
		6E5705A01D2266ED00E7E9D6 /* Macro.swift in Sources */ = {isa = PBXBuildFile; fileRef = 6E57058C1D2266ED00E7E9D6 /* Macro.swift */; };
		6E5705A11D2266ED00E7E9D6 /* FileCollectionViewCell.swift in Sources */ = {isa = PBXBuildFile; fileRef = 6E5705901D2266ED00E7E9D6 /* FileCollectionViewCell.swift */; };
		6E5705A21D2266ED00E7E9D6 /* FileListViewController.swift in Sources */ = {isa = PBXBuildFile; fileRef = 6E5705921D2266ED00E7E9D6 /* FileListViewController.swift */; };
		6E5705A41D2266ED00E7E9D6 /* LeftMenuViewController.swift in Sources */ = {isa = PBXBuildFile; fileRef = 6E5705981D2266ED00E7E9D6 /* LeftMenuViewController.swift */; };
		6E5705A51D2266ED00E7E9D6 /* RootViewController.swift in Sources */ = {isa = PBXBuildFile; fileRef = 6E5705991D2266ED00E7E9D6 /* RootViewController.swift */; };
		6E5705A61D2266ED00E7E9D6 /* SettingViewController.swift in Sources */ = {isa = PBXBuildFile; fileRef = 6E57059C1D2266ED00E7E9D6 /* SettingViewController.swift */; };
		6E5705B41D22674600E7E9D6 /* Constraint.swift in Sources */ = {isa = PBXBuildFile; fileRef = 6E5705A81D22674600E7E9D6 /* Constraint.swift */; };
		6E5705B51D22674600E7E9D6 /* ConstraintAttributes.swift in Sources */ = {isa = PBXBuildFile; fileRef = 6E5705A91D22674600E7E9D6 /* ConstraintAttributes.swift */; };
		6E5705B61D22674600E7E9D6 /* ConstraintDescription.swift in Sources */ = {isa = PBXBuildFile; fileRef = 6E5705AA1D22674600E7E9D6 /* ConstraintDescription.swift */; };
		6E5705B71D22674600E7E9D6 /* ConstraintItem.swift in Sources */ = {isa = PBXBuildFile; fileRef = 6E5705AB1D22674600E7E9D6 /* ConstraintItem.swift */; };
		6E5705B81D22674600E7E9D6 /* ConstraintMaker.swift in Sources */ = {isa = PBXBuildFile; fileRef = 6E5705AC1D22674600E7E9D6 /* ConstraintMaker.swift */; };
		6E5705B91D22674600E7E9D6 /* ConstraintRelation.swift in Sources */ = {isa = PBXBuildFile; fileRef = 6E5705AD1D22674600E7E9D6 /* ConstraintRelation.swift */; };
		6E5705BA1D22674600E7E9D6 /* Debugging.swift in Sources */ = {isa = PBXBuildFile; fileRef = 6E5705AE1D22674600E7E9D6 /* Debugging.swift */; };
		6E5705BB1D22674600E7E9D6 /* EdgeInsets.swift in Sources */ = {isa = PBXBuildFile; fileRef = 6E5705AF1D22674600E7E9D6 /* EdgeInsets.swift */; };
		6E5705BC1D22674600E7E9D6 /* LayoutConstraint.swift in Sources */ = {isa = PBXBuildFile; fileRef = 6E5705B01D22674600E7E9D6 /* LayoutConstraint.swift */; };
		6E5705BD1D22674600E7E9D6 /* SnapKit.swift in Sources */ = {isa = PBXBuildFile; fileRef = 6E5705B11D22674600E7E9D6 /* SnapKit.swift */; };
		6E5705BE1D22674600E7E9D6 /* View+SnapKit.swift in Sources */ = {isa = PBXBuildFile; fileRef = 6E5705B21D22674600E7E9D6 /* View+SnapKit.swift */; };
		6E5705BF1D22674600E7E9D6 /* ViewController+SnapKit.swift in Sources */ = {isa = PBXBuildFile; fileRef = 6E5705B31D22674600E7E9D6 /* ViewController+SnapKit.swift */; };
		6E5738491D2283A800C84B30 /* File.swift in Sources */ = {isa = PBXBuildFile; fileRef = 6E5738481D2283A800C84B30 /* File.swift */; };
		6E57384B1D22921800C84B30 /* FileListModel.swift in Sources */ = {isa = PBXBuildFile; fileRef = 6E57384A1D22921800C84B30 /* FileListModel.swift */; };
		6E57384D1D229CD300C84B30 /* FileListCollectionView.swift in Sources */ = {isa = PBXBuildFile; fileRef = 6E57384C1D229CD300C84B30 /* FileListCollectionView.swift */; };
		6E57384F1D229FD500C84B30 /* FileListViewProtocol.swift in Sources */ = {isa = PBXBuildFile; fileRef = 6E57384E1D229FD500C84B30 /* FileListViewProtocol.swift */; };
		6E6407161D2E797A00342DBB /* AudioPlayer.swift in Sources */ = {isa = PBXBuildFile; fileRef = 6E6407071D2E797A00342DBB /* AudioPlayer.swift */; };
		6E6407171D2E797A00342DBB /* MusicListViewController.swift in Sources */ = {isa = PBXBuildFile; fileRef = 6E6407091D2E797A00342DBB /* MusicListViewController.swift */; };
		6E6407181D2E797A00342DBB /* MusicViewController.swift in Sources */ = {isa = PBXBuildFile; fileRef = 6E64070A1D2E797A00342DBB /* MusicViewController.swift */; };
		6E6407191D2E797A00342DBB /* MusicEntity.swift in Sources */ = {isa = PBXBuildFile; fileRef = 6E64070C1D2E797A00342DBB /* MusicEntity.swift */; };
		6E64071A1D2E797A00342DBB /* MusicDatabase.swift in Sources */ = {isa = PBXBuildFile; fileRef = 6E64070E1D2E797A00342DBB /* MusicDatabase.swift */; };
		6E64071C1D2E797A00342DBB /* MusicPlayManager.swift in Sources */ = {isa = PBXBuildFile; fileRef = 6E6407101D2E797A00342DBB /* MusicPlayManager.swift */; };
		6E64071D1D2E797A00342DBB /* SQLite.swift in Sources */ = {isa = PBXBuildFile; fileRef = 6E6407111D2E797A00342DBB /* SQLite.swift */; };
		6E64071E1D2E797A00342DBB /* ESTMusicIndicatorContentView.swift in Sources */ = {isa = PBXBuildFile; fileRef = 6E6407131D2E797A00342DBB /* ESTMusicIndicatorContentView.swift */; };
		6E64071F1D2E797A00342DBB /* ESTMusicIndicatorView.swift in Sources */ = {isa = PBXBuildFile; fileRef = 6E6407141D2E797A00342DBB /* ESTMusicIndicatorView.swift */; };
		6E6407201D2E797A00342DBB /* MusicTableViewCell.swift in Sources */ = {isa = PBXBuildFile; fileRef = 6E6407151D2E797A00342DBB /* MusicTableViewCell.swift */; };
		6E6407221D2E79C100342DBB /* MusicProgressView.swift in Sources */ = {isa = PBXBuildFile; fileRef = 6E6407211D2E79C100342DBB /* MusicProgressView.swift */; };
		6E75F8441D265BF5004537C3 /* libsqlite3.tbd in Frameworks */ = {isa = PBXBuildFile; fileRef = 6E75F8431D265BF5004537C3 /* libsqlite3.tbd */; };
		6EA26D961D24C3C000ED2828 /* PhotoViewer.swift in Sources */ = {isa = PBXBuildFile; fileRef = 6EA26D951D24C3C000ED2828 /* PhotoViewer.swift */; };
		6EA26D9A1D24CBDC00ED2828 /* LoadImageManager.swift in Sources */ = {isa = PBXBuildFile; fileRef = 6EA26D991D24CBDC00ED2828 /* LoadImageManager.swift */; };
		6ECE7DFC1D25080400896B76 /* PhotoItem.swift in Sources */ = {isa = PBXBuildFile; fileRef = 6ECE7DFB1D25080400896B76 /* PhotoItem.swift */; };
		6ECE7DFE1D250A1100896B76 /* UIView.swift in Sources */ = {isa = PBXBuildFile; fileRef = 6ECE7DFD1D250A1100896B76 /* UIView.swift */; };
		6ECE7E001D250A3F00896B76 /* UIImageView.swift in Sources */ = {isa = PBXBuildFile; fileRef = 6ECE7DFF1D250A3F00896B76 /* UIImageView.swift */; };
		8898BA48B5997A5A2CD3F1C8 /* Pods_file.framework in Frameworks */ = {isa = PBXBuildFile; fileRef = 30FCB7E3A7E8CBF7A900ADAC /* Pods_file.framework */; };
/* End PBXBuildFile section */

/* Begin PBXCopyFilesBuildPhase section */
		6E0B9E971D226225007C12C6 /* Embed Frameworks */ = {
			isa = PBXCopyFilesBuildPhase;
			buildActionMask = 2147483647;
			dstPath = "";
			dstSubfolderSpec = 10;
			files = (
			);
			name = "Embed Frameworks";
			runOnlyForDeploymentPostprocessing = 0;
		};
/* End PBXCopyFilesBuildPhase section */

/* Begin PBXFileReference section */
		0A86A2EF4BC515E95D20816F /* Pods-file.release.xcconfig */ = {isa = PBXFileReference; includeInIndex = 1; lastKnownFileType = text.xcconfig; name = "Pods-file.release.xcconfig"; path = "Pods/Target Support Files/Pods-file/Pods-file.release.xcconfig"; sourceTree = "<group>"; };
		30FCB7E3A7E8CBF7A900ADAC /* Pods_file.framework */ = {isa = PBXFileReference; explicitFileType = wrapper.framework; includeInIndex = 0; path = Pods_file.framework; sourceTree = BUILT_PRODUCTS_DIR; };
		6E04CA621D23E940003C9909 /* ThumbnailCache.swift */ = {isa = PBXFileReference; fileEncoding = 4; lastKnownFileType = sourcecode.swift; path = ThumbnailCache.swift; sourceTree = "<group>"; };
		6E04CA641D23EEEC003C9909 /* UIImage.swift */ = {isa = PBXFileReference; fileEncoding = 4; lastKnownFileType = sourcecode.swift; path = UIImage.swift; sourceTree = "<group>"; };
		6E0B9E7E1D225CBB007C12C6 /* file.app */ = {isa = PBXFileReference; explicitFileType = wrapper.application; includeInIndex = 0; path = file.app; sourceTree = BUILT_PRODUCTS_DIR; };
		6E0B9E811D225CBB007C12C6 /* AppDelegate.swift */ = {isa = PBXFileReference; lastKnownFileType = sourcecode.swift; path = AppDelegate.swift; sourceTree = "<group>"; };
		6E0B9E831D225CBB007C12C6 /* ViewController.swift */ = {isa = PBXFileReference; lastKnownFileType = sourcecode.swift; path = ViewController.swift; sourceTree = "<group>"; };
		6E0B9E861D225CBC007C12C6 /* Base */ = {isa = PBXFileReference; lastKnownFileType = file.storyboard; name = Base; path = Base.lproj/Main.storyboard; sourceTree = "<group>"; };
		6E0B9E881D225CBC007C12C6 /* Assets.xcassets */ = {isa = PBXFileReference; lastKnownFileType = folder.assetcatalog; path = Assets.xcassets; sourceTree = "<group>"; };
		6E0B9E8B1D225CBC007C12C6 /* Base */ = {isa = PBXFileReference; lastKnownFileType = file.storyboard; name = Base; path = Base.lproj/LaunchScreen.storyboard; sourceTree = "<group>"; };
		6E0B9E8D1D225CBC007C12C6 /* Info.plist */ = {isa = PBXFileReference; lastKnownFileType = text.plist.xml; path = Info.plist; sourceTree = "<group>"; };
		6E312A141D2FA2070045C191 /* MusicToolView.swift */ = {isa = PBXFileReference; fileEncoding = 4; lastKnownFileType = sourcecode.swift; path = MusicToolView.swift; sourceTree = "<group>"; };
		6E312A161D2FA89D0045C191 /* 50276332_p0.png */ = {isa = PBXFileReference; lastKnownFileType = image.png; path = 50276332_p0.png; sourceTree = "<group>"; };
		6E312A181D2FC7BD0045C191 /* MusicBackgroundView.swift */ = {isa = PBXFileReference; fileEncoding = 4; lastKnownFileType = sourcecode.swift; path = MusicBackgroundView.swift; sourceTree = "<group>"; };
		6E312A1A1D2FC8890045C191 /* 48269530_p0.png */ = {isa = PBXFileReference; lastKnownFileType = image.png; path = 48269530_p0.png; sourceTree = "<group>"; };
		6E312A1C1D2FC8C20045C191 /* 56508748_p0.png */ = {isa = PBXFileReference; lastKnownFileType = image.png; path = 56508748_p0.png; sourceTree = "<group>"; };
		6E312A201D2FC9400045C191 /* 53983444_p0.png */ = {isa = PBXFileReference; lastKnownFileType = image.png; path = 53983444_p0.png; sourceTree = "<group>"; };
		6E312A241D2FC96C0045C191 /* 42826426_p0.png */ = {isa = PBXFileReference; lastKnownFileType = image.png; path = 42826426_p0.png; sourceTree = "<group>"; };
		6E312A2A1D2FDB820045C191 /* Function.swift */ = {isa = PBXFileReference; fileEncoding = 4; lastKnownFileType = sourcecode.swift; path = Function.swift; sourceTree = "<group>"; };
		6E53C43B1D33938F00F1AAAF /* FileListToolView.swift */ = {isa = PBXFileReference; fileEncoding = 4; lastKnownFileType = sourcecode.swift; path = FileListToolView.swift; sourceTree = "<group>"; };
		6E53C43D1D34DCD500F1AAAF /* NewDirectoryView.swift */ = {isa = PBXFileReference; fileEncoding = 4; lastKnownFileType = sourcecode.swift; path = NewDirectoryView.swift; sourceTree = "<group>"; };
		6E53C43F1D350BAC00F1AAAF /* SelectDirectoryViewController.swift */ = {isa = PBXFileReference; fileEncoding = 4; lastKnownFileType = sourcecode.swift; path = SelectDirectoryViewController.swift; sourceTree = "<group>"; };
		6E53C4411D350DC600F1AAAF /* FIleListTableView.swift */ = {isa = PBXFileReference; fileEncoding = 4; lastKnownFileType = sourcecode.swift; path = FIleListTableView.swift; sourceTree = "<group>"; };
		6E53C4431D350FCF00F1AAAF /* FileTableViewCell.swift */ = {isa = PBXFileReference; fileEncoding = 4; lastKnownFileType = sourcecode.swift; path = FileTableViewCell.swift; sourceTree = "<group>"; };
		6E57058C1D2266ED00E7E9D6 /* Macro.swift */ = {isa = PBXFileReference; fileEncoding = 4; lastKnownFileType = sourcecode.swift; path = Macro.swift; sourceTree = "<group>"; };
		6E5705901D2266ED00E7E9D6 /* FileCollectionViewCell.swift */ = {isa = PBXFileReference; fileEncoding = 4; lastKnownFileType = sourcecode.swift; path = FileCollectionViewCell.swift; sourceTree = "<group>"; };
		6E5705921D2266ED00E7E9D6 /* FileListViewController.swift */ = {isa = PBXFileReference; fileEncoding = 4; lastKnownFileType = sourcecode.swift; path = FileListViewController.swift; sourceTree = "<group>"; };
		6E5705981D2266ED00E7E9D6 /* LeftMenuViewController.swift */ = {isa = PBXFileReference; fileEncoding = 4; lastKnownFileType = sourcecode.swift; path = LeftMenuViewController.swift; sourceTree = "<group>"; };
		6E5705991D2266ED00E7E9D6 /* RootViewController.swift */ = {isa = PBXFileReference; fileEncoding = 4; lastKnownFileType = sourcecode.swift; path = RootViewController.swift; sourceTree = "<group>"; };
		6E57059C1D2266ED00E7E9D6 /* SettingViewController.swift */ = {isa = PBXFileReference; fileEncoding = 4; lastKnownFileType = sourcecode.swift; path = SettingViewController.swift; sourceTree = "<group>"; };
		6E5705A81D22674600E7E9D6 /* Constraint.swift */ = {isa = PBXFileReference; fileEncoding = 4; lastKnownFileType = sourcecode.swift; path = Constraint.swift; sourceTree = "<group>"; };
		6E5705A91D22674600E7E9D6 /* ConstraintAttributes.swift */ = {isa = PBXFileReference; fileEncoding = 4; lastKnownFileType = sourcecode.swift; path = ConstraintAttributes.swift; sourceTree = "<group>"; };
		6E5705AA1D22674600E7E9D6 /* ConstraintDescription.swift */ = {isa = PBXFileReference; fileEncoding = 4; lastKnownFileType = sourcecode.swift; path = ConstraintDescription.swift; sourceTree = "<group>"; };
		6E5705AB1D22674600E7E9D6 /* ConstraintItem.swift */ = {isa = PBXFileReference; fileEncoding = 4; lastKnownFileType = sourcecode.swift; path = ConstraintItem.swift; sourceTree = "<group>"; };
		6E5705AC1D22674600E7E9D6 /* ConstraintMaker.swift */ = {isa = PBXFileReference; fileEncoding = 4; lastKnownFileType = sourcecode.swift; path = ConstraintMaker.swift; sourceTree = "<group>"; };
		6E5705AD1D22674600E7E9D6 /* ConstraintRelation.swift */ = {isa = PBXFileReference; fileEncoding = 4; lastKnownFileType = sourcecode.swift; path = ConstraintRelation.swift; sourceTree = "<group>"; };
		6E5705AE1D22674600E7E9D6 /* Debugging.swift */ = {isa = PBXFileReference; fileEncoding = 4; lastKnownFileType = sourcecode.swift; path = Debugging.swift; sourceTree = "<group>"; };
		6E5705AF1D22674600E7E9D6 /* EdgeInsets.swift */ = {isa = PBXFileReference; fileEncoding = 4; lastKnownFileType = sourcecode.swift; path = EdgeInsets.swift; sourceTree = "<group>"; };
		6E5705B01D22674600E7E9D6 /* LayoutConstraint.swift */ = {isa = PBXFileReference; fileEncoding = 4; lastKnownFileType = sourcecode.swift; path = LayoutConstraint.swift; sourceTree = "<group>"; };
		6E5705B11D22674600E7E9D6 /* SnapKit.swift */ = {isa = PBXFileReference; fileEncoding = 4; lastKnownFileType = sourcecode.swift; path = SnapKit.swift; sourceTree = "<group>"; };
		6E5705B21D22674600E7E9D6 /* View+SnapKit.swift */ = {isa = PBXFileReference; fileEncoding = 4; lastKnownFileType = sourcecode.swift; path = "View+SnapKit.swift"; sourceTree = "<group>"; };
		6E5705B31D22674600E7E9D6 /* ViewController+SnapKit.swift */ = {isa = PBXFileReference; fileEncoding = 4; lastKnownFileType = sourcecode.swift; path = "ViewController+SnapKit.swift"; sourceTree = "<group>"; };
		6E5738481D2283A800C84B30 /* File.swift */ = {isa = PBXFileReference; fileEncoding = 4; lastKnownFileType = sourcecode.swift; path = File.swift; sourceTree = "<group>"; };
		6E57384A1D22921800C84B30 /* FileListModel.swift */ = {isa = PBXFileReference; fileEncoding = 4; lastKnownFileType = sourcecode.swift; path = FileListModel.swift; sourceTree = "<group>"; };
		6E57384C1D229CD300C84B30 /* FileListCollectionView.swift */ = {isa = PBXFileReference; fileEncoding = 4; lastKnownFileType = sourcecode.swift; path = FileListCollectionView.swift; sourceTree = "<group>"; };
		6E57384E1D229FD500C84B30 /* FileListViewProtocol.swift */ = {isa = PBXFileReference; fileEncoding = 4; lastKnownFileType = sourcecode.swift; path = FileListViewProtocol.swift; sourceTree = "<group>"; };
		6E6407071D2E797A00342DBB /* AudioPlayer.swift */ = {isa = PBXFileReference; fileEncoding = 4; lastKnownFileType = sourcecode.swift; path = AudioPlayer.swift; sourceTree = "<group>"; };
		6E6407091D2E797A00342DBB /* MusicListViewController.swift */ = {isa = PBXFileReference; fileEncoding = 4; lastKnownFileType = sourcecode.swift; path = MusicListViewController.swift; sourceTree = "<group>"; };
		6E64070A1D2E797A00342DBB /* MusicViewController.swift */ = {isa = PBXFileReference; fileEncoding = 4; lastKnownFileType = sourcecode.swift; path = MusicViewController.swift; sourceTree = "<group>"; };
		6E64070C1D2E797A00342DBB /* MusicEntity.swift */ = {isa = PBXFileReference; fileEncoding = 4; lastKnownFileType = sourcecode.swift; path = MusicEntity.swift; sourceTree = "<group>"; };
		6E64070E1D2E797A00342DBB /* MusicDatabase.swift */ = {isa = PBXFileReference; fileEncoding = 4; lastKnownFileType = sourcecode.swift; path = MusicDatabase.swift; sourceTree = "<group>"; };
		6E6407101D2E797A00342DBB /* MusicPlayManager.swift */ = {isa = PBXFileReference; fileEncoding = 4; lastKnownFileType = sourcecode.swift; path = MusicPlayManager.swift; sourceTree = "<group>"; };
		6E6407111D2E797A00342DBB /* SQLite.swift */ = {isa = PBXFileReference; fileEncoding = 4; lastKnownFileType = sourcecode.swift; path = SQLite.swift; sourceTree = "<group>"; };
		6E6407131D2E797A00342DBB /* ESTMusicIndicatorContentView.swift */ = {isa = PBXFileReference; fileEncoding = 4; lastKnownFileType = sourcecode.swift; path = ESTMusicIndicatorContentView.swift; sourceTree = "<group>"; };
		6E6407141D2E797A00342DBB /* ESTMusicIndicatorView.swift */ = {isa = PBXFileReference; fileEncoding = 4; lastKnownFileType = sourcecode.swift; path = ESTMusicIndicatorView.swift; sourceTree = "<group>"; };
		6E6407151D2E797A00342DBB /* MusicTableViewCell.swift */ = {isa = PBXFileReference; fileEncoding = 4; lastKnownFileType = sourcecode.swift; path = MusicTableViewCell.swift; sourceTree = "<group>"; };
		6E6407211D2E79C100342DBB /* MusicProgressView.swift */ = {isa = PBXFileReference; fileEncoding = 4; lastKnownFileType = sourcecode.swift; path = MusicProgressView.swift; sourceTree = "<group>"; };
		6E75F8401D2652C0004537C3 /* file-Bridging-Header.h */ = {isa = PBXFileReference; lastKnownFileType = sourcecode.c.h; path = "file-Bridging-Header.h"; sourceTree = "<group>"; };
		6E75F8431D265BF5004537C3 /* libsqlite3.tbd */ = {isa = PBXFileReference; lastKnownFileType = "sourcecode.text-based-dylib-definition"; name = libsqlite3.tbd; path = usr/lib/libsqlite3.tbd; sourceTree = SDKROOT; };
		6EA26D951D24C3C000ED2828 /* PhotoViewer.swift */ = {isa = PBXFileReference; fileEncoding = 4; lastKnownFileType = sourcecode.swift; path = PhotoViewer.swift; sourceTree = "<group>"; };
		6EA26D991D24CBDC00ED2828 /* LoadImageManager.swift */ = {isa = PBXFileReference; fileEncoding = 4; lastKnownFileType = sourcecode.swift; path = LoadImageManager.swift; sourceTree = "<group>"; };
		6ECE7DFB1D25080400896B76 /* PhotoItem.swift */ = {isa = PBXFileReference; fileEncoding = 4; lastKnownFileType = sourcecode.swift; path = PhotoItem.swift; sourceTree = "<group>"; };
		6ECE7DFD1D250A1100896B76 /* UIView.swift */ = {isa = PBXFileReference; fileEncoding = 4; lastKnownFileType = sourcecode.swift; path = UIView.swift; sourceTree = "<group>"; };
		6ECE7DFF1D250A3F00896B76 /* UIImageView.swift */ = {isa = PBXFileReference; fileEncoding = 4; lastKnownFileType = sourcecode.swift; path = UIImageView.swift; sourceTree = "<group>"; };
		A49C5FCE510BCAC996B92A06 /* Pods-file.debug.xcconfig */ = {isa = PBXFileReference; includeInIndex = 1; lastKnownFileType = text.xcconfig; name = "Pods-file.debug.xcconfig"; path = "Pods/Target Support Files/Pods-file/Pods-file.debug.xcconfig"; sourceTree = "<group>"; };
/* End PBXFileReference section */

/* Begin PBXFrameworksBuildPhase section */
		6E0B9E7B1D225CBB007C12C6 /* Frameworks */ = {
			isa = PBXFrameworksBuildPhase;
			buildActionMask = 2147483647;
			files = (
				6E75F8441D265BF5004537C3 /* libsqlite3.tbd in Frameworks */,
				8898BA48B5997A5A2CD3F1C8 /* Pods_file.framework in Frameworks */,
			);
			runOnlyForDeploymentPostprocessing = 0;
		};
/* End PBXFrameworksBuildPhase section */

/* Begin PBXGroup section */
		6E0B9E751D225CBB007C12C6 = {
			isa = PBXGroup;
			children = (
				6E0B9E801D225CBB007C12C6 /* file */,
				6E0B9E7F1D225CBB007C12C6 /* Products */,
				B409B9B436496CC32B3FB06B /* Pods */,
				8375B55C718DF0318843C863 /* Frameworks */,
			);
			sourceTree = "<group>";
		};
		6E0B9E7F1D225CBB007C12C6 /* Products */ = {
			isa = PBXGroup;
			children = (
				6E0B9E7E1D225CBB007C12C6 /* file.app */,
			);
			name = Products;
			sourceTree = "<group>";
		};
		6E0B9E801D225CBB007C12C6 /* file */ = {
			isa = PBXGroup;
			children = (
				6E5705881D2266ED00E7E9D6 /* Class */,
				6E57059E1D2266ED00E7E9D6 /* Librarys */,
				6E57059F1D2266ED00E7E9D6 /* Resources */,
				6E0B9E811D225CBB007C12C6 /* AppDelegate.swift */,
				6E0B9E831D225CBB007C12C6 /* ViewController.swift */,
				6E0B9E851D225CBC007C12C6 /* Main.storyboard */,
				6E0B9E881D225CBC007C12C6 /* Assets.xcassets */,
				6E0B9E8A1D225CBC007C12C6 /* LaunchScreen.storyboard */,
				6E0B9E8D1D225CBC007C12C6 /* Info.plist */,
				6E75F8401D2652C0004537C3 /* file-Bridging-Header.h */,
			);
			path = file;
			sourceTree = "<group>";
		};
		6E5705881D2266ED00E7E9D6 /* Class */ = {
			isa = PBXGroup;
			children = (
				6E5705891D2266ED00E7E9D6 /* Category */,
				6E57058A1D2266ED00E7E9D6 /* Common */,
				6E57058B1D2266ED00E7E9D6 /* Macro */,
				6E57058D1D2266ED00E7E9D6 /* Modules */,
			);
			path = Class;
			sourceTree = "<group>";
		};
		6E5705891D2266ED00E7E9D6 /* Category */ = {
			isa = PBXGroup;
			children = (
				6E04CA641D23EEEC003C9909 /* UIImage.swift */,
				6ECE7DFD1D250A1100896B76 /* UIView.swift */,
				6ECE7DFF1D250A3F00896B76 /* UIImageView.swift */,
			);
			path = Category;
			sourceTree = "<group>";
		};
		6E57058A1D2266ED00E7E9D6 /* Common */ = {
			isa = PBXGroup;
			children = (
			);
			path = Common;
			sourceTree = "<group>";
		};
		6E57058B1D2266ED00E7E9D6 /* Macro */ = {
			isa = PBXGroup;
			children = (
				6E312A2A1D2FDB820045C191 /* Function.swift */,
				6E57058C1D2266ED00E7E9D6 /* Macro.swift */,
			);
			path = Macro;
			sourceTree = "<group>";
		};
		6E57058D1D2266ED00E7E9D6 /* Modules */ = {
			isa = PBXGroup;
			children = (
				6E5705971D2266ED00E7E9D6 /* Main */,
				6E57058E1D2266ED00E7E9D6 /* FileList */,
				6EA26D931D24C31800ED2828 /* Photo */,
				6E6407051D2E797A00342DBB /* Music */,
				6E57059A1D2266ED00E7E9D6 /* Setting */,
			);
			path = Modules;
			sourceTree = "<group>";
		};
		6E57058E1D2266ED00E7E9D6 /* FileList */ = {
			isa = PBXGroup;
			children = (
				6E57058F1D2266ED00E7E9D6 /* Cell */,
				6E5705961D2266ED00E7E9D6 /* View */,
				6E5705931D2266ED00E7E9D6 /* Entity */,
				6E5705951D2266ED00E7E9D6 /* Model */,
				6E5705911D2266ED00E7E9D6 /* Controller */,
			);
			path = FileList;
			sourceTree = "<group>";
		};
		6E57058F1D2266ED00E7E9D6 /* Cell */ = {
			isa = PBXGroup;
			children = (
				6E5705901D2266ED00E7E9D6 /* FileCollectionViewCell.swift */,
				6E53C4431D350FCF00F1AAAF /* FileTableViewCell.swift */,
			);
			path = Cell;
			sourceTree = "<group>";
		};
		6E5705911D2266ED00E7E9D6 /* Controller */ = {
			isa = PBXGroup;
			children = (
				6E5705921D2266ED00E7E9D6 /* FileListViewController.swift */,
				6E53C43F1D350BAC00F1AAAF /* SelectDirectoryViewController.swift */,
			);
			path = Controller;
			sourceTree = "<group>";
		};
		6E5705931D2266ED00E7E9D6 /* Entity */ = {
			isa = PBXGroup;
			children = (
				6E5738481D2283A800C84B30 /* File.swift */,
			);
			path = Entity;
			sourceTree = "<group>";
		};
		6E5705951D2266ED00E7E9D6 /* Model */ = {
			isa = PBXGroup;
			children = (
				6E57384A1D22921800C84B30 /* FileListModel.swift */,
				6E04CA621D23E940003C9909 /* ThumbnailCache.swift */,
			);
			path = Model;
			sourceTree = "<group>";
		};
		6E5705961D2266ED00E7E9D6 /* View */ = {
			isa = PBXGroup;
			children = (
				6E57384E1D229FD500C84B30 /* FileListViewProtocol.swift */,
				6E57384C1D229CD300C84B30 /* FileListCollectionView.swift */,
				6E53C4411D350DC600F1AAAF /* FIleListTableView.swift */,
				6E53C43B1D33938F00F1AAAF /* FileListToolView.swift */,
				6E53C43D1D34DCD500F1AAAF /* NewDirectoryView.swift */,
			);
			path = View;
			sourceTree = "<group>";
		};
		6E5705971D2266ED00E7E9D6 /* Main */ = {
			isa = PBXGroup;
			children = (
				6E5705981D2266ED00E7E9D6 /* LeftMenuViewController.swift */,
				6E5705991D2266ED00E7E9D6 /* RootViewController.swift */,
			);
			path = Main;
			sourceTree = "<group>";
		};
		6E57059A1D2266ED00E7E9D6 /* Setting */ = {
			isa = PBXGroup;
			children = (
				6E57059B1D2266ED00E7E9D6 /* Controller */,
				6E57059D1D2266ED00E7E9D6 /* View */,
			);
			path = Setting;
			sourceTree = "<group>";
		};
		6E57059B1D2266ED00E7E9D6 /* Controller */ = {
			isa = PBXGroup;
			children = (
				6E57059C1D2266ED00E7E9D6 /* SettingViewController.swift */,
			);
			path = Controller;
			sourceTree = "<group>";
		};
		6E57059D1D2266ED00E7E9D6 /* View */ = {
			isa = PBXGroup;
			children = (
			);
			path = View;
			sourceTree = "<group>";
		};
		6E57059E1D2266ED00E7E9D6 /* Librarys */ = {
			isa = PBXGroup;
			children = (
				6E5705A71D22674600E7E9D6 /* SnapKit */,
			);
			path = Librarys;
			sourceTree = "<group>";
		};
		6E57059F1D2266ED00E7E9D6 /* Resources */ = {
			isa = PBXGroup;
			children = (
				6E312A241D2FC96C0045C191 /* 42826426_p0.png */,
				6E312A201D2FC9400045C191 /* 53983444_p0.png */,
				6E312A1C1D2FC8C20045C191 /* 56508748_p0.png */,
				6E312A1A1D2FC8890045C191 /* 48269530_p0.png */,
				6E312A161D2FA89D0045C191 /* 50276332_p0.png */,
			);
			path = Resources;
			sourceTree = "<group>";
		};
		6E5705A71D22674600E7E9D6 /* SnapKit */ = {
			isa = PBXGroup;
			children = (
				6E5705A81D22674600E7E9D6 /* Constraint.swift */,
				6E5705A91D22674600E7E9D6 /* ConstraintAttributes.swift */,
				6E5705AA1D22674600E7E9D6 /* ConstraintDescription.swift */,
				6E5705AB1D22674600E7E9D6 /* ConstraintItem.swift */,
				6E5705AC1D22674600E7E9D6 /* ConstraintMaker.swift */,
				6E5705AD1D22674600E7E9D6 /* ConstraintRelation.swift */,
				6E5705AE1D22674600E7E9D6 /* Debugging.swift */,
				6E5705AF1D22674600E7E9D6 /* EdgeInsets.swift */,
				6E5705B01D22674600E7E9D6 /* LayoutConstraint.swift */,
				6E5705B11D22674600E7E9D6 /* SnapKit.swift */,
				6E5705B21D22674600E7E9D6 /* View+SnapKit.swift */,
				6E5705B31D22674600E7E9D6 /* ViewController+SnapKit.swift */,
			);
			path = SnapKit;
			sourceTree = "<group>";
		};
		6E6407051D2E797A00342DBB /* Music */ = {
			isa = PBXGroup;
			children = (
				6E6407061D2E797A00342DBB /* AudioPlayer */,
				6E6407081D2E797A00342DBB /* Controller */,
				6E64070B1D2E797A00342DBB /* Entity */,
				6E64070D1D2E797A00342DBB /* Model */,
				6E6407121D2E797A00342DBB /* View */,
			);
			path = Music;
			sourceTree = "<group>";
		};
		6E6407061D2E797A00342DBB /* AudioPlayer */ = {
			isa = PBXGroup;
			children = (
				6E6407071D2E797A00342DBB /* AudioPlayer.swift */,
			);
			path = AudioPlayer;
			sourceTree = "<group>";
		};
		6E6407081D2E797A00342DBB /* Controller */ = {
			isa = PBXGroup;
			children = (
				6E6407091D2E797A00342DBB /* MusicListViewController.swift */,
				6E64070A1D2E797A00342DBB /* MusicViewController.swift */,
			);
			path = Controller;
			sourceTree = "<group>";
		};
		6E64070B1D2E797A00342DBB /* Entity */ = {
			isa = PBXGroup;
			children = (
				6E64070C1D2E797A00342DBB /* MusicEntity.swift */,
			);
			path = Entity;
			sourceTree = "<group>";
		};
		6E64070D1D2E797A00342DBB /* Model */ = {
			isa = PBXGroup;
			children = (
				6E6407101D2E797A00342DBB /* MusicPlayManager.swift */,
				6E64070E1D2E797A00342DBB /* MusicDatabase.swift */,
				6E6407111D2E797A00342DBB /* SQLite.swift */,
			);
			path = Model;
			sourceTree = "<group>";
		};
		6E6407121D2E797A00342DBB /* View */ = {
			isa = PBXGroup;
			children = (
				6E6407131D2E797A00342DBB /* ESTMusicIndicatorContentView.swift */,
				6E6407141D2E797A00342DBB /* ESTMusicIndicatorView.swift */,
				6E6407151D2E797A00342DBB /* MusicTableViewCell.swift */,
				6E6407211D2E79C100342DBB /* MusicProgressView.swift */,
				6E312A141D2FA2070045C191 /* MusicToolView.swift */,
				6E312A181D2FC7BD0045C191 /* MusicBackgroundView.swift */,
			);
			path = View;
			sourceTree = "<group>";
		};
		6EA26D931D24C31800ED2828 /* Photo */ = {
			isa = PBXGroup;
			children = (
				6EA26D941D24C3AA00ED2828 /* PhotoViewer */,
			);
			path = Photo;
			sourceTree = "<group>";
		};
		6EA26D941D24C3AA00ED2828 /* PhotoViewer */ = {
			isa = PBXGroup;
			children = (
				6EA26D951D24C3C000ED2828 /* PhotoViewer.swift */,
				6ECE7DFB1D25080400896B76 /* PhotoItem.swift */,
				6EA26D991D24CBDC00ED2828 /* LoadImageManager.swift */,
			);
			path = PhotoViewer;
			sourceTree = "<group>";
		};
		8375B55C718DF0318843C863 /* Frameworks */ = {
			isa = PBXGroup;
			children = (
				6E75F8431D265BF5004537C3 /* libsqlite3.tbd */,
				30FCB7E3A7E8CBF7A900ADAC /* Pods_file.framework */,
			);
			name = Frameworks;
			sourceTree = "<group>";
		};
		B409B9B436496CC32B3FB06B /* Pods */ = {
			isa = PBXGroup;
			children = (
				A49C5FCE510BCAC996B92A06 /* Pods-file.debug.xcconfig */,
				0A86A2EF4BC515E95D20816F /* Pods-file.release.xcconfig */,
			);
			name = Pods;
			sourceTree = "<group>";
		};
/* End PBXGroup section */

/* Begin PBXNativeTarget section */
		6E0B9E7D1D225CBB007C12C6 /* file */ = {
			isa = PBXNativeTarget;
			buildConfigurationList = 6E0B9E901D225CBC007C12C6 /* Build configuration list for PBXNativeTarget "file" */;
			buildPhases = (
				4685CC023753A2E9E7DBF411 /* [CP] Check Pods Manifest.lock */,
				6E0B9E7A1D225CBB007C12C6 /* Sources */,
				6E0B9E7B1D225CBB007C12C6 /* Frameworks */,
				6E0B9E7C1D225CBB007C12C6 /* Resources */,
				71B1A2AC87DA4735E9822A0C /* [CP] Embed Pods Frameworks */,
				08461C42798D94FD8F1CB4C6 /* [CP] Copy Pods Resources */,
				6E0B9E971D226225007C12C6 /* Embed Frameworks */,
			);
			buildRules = (
			);
			dependencies = (
			);
			name = file;
			productName = file;
			productReference = 6E0B9E7E1D225CBB007C12C6 /* file.app */;
			productType = "com.apple.product-type.application";
		};
/* End PBXNativeTarget section */

/* Begin PBXProject section */
		6E0B9E761D225CBB007C12C6 /* Project object */ = {
			isa = PBXProject;
			attributes = {
				LastSwiftUpdateCheck = 0800;
				LastUpgradeCheck = 0800;
				ORGANIZATIONNAME = "云之彼端";
				TargetAttributes = {
					6E0B9E7D1D225CBB007C12C6 = {
						CreatedOnToolsVersion = 8.0;
						DevelopmentTeam = 2T6WKE788U;
						DevelopmentTeamName = "泉 翟 (Personal Team)";
						ProvisioningStyle = Automatic;
					};
				};
			};
			buildConfigurationList = 6E0B9E791D225CBB007C12C6 /* Build configuration list for PBXProject "file" */;
			compatibilityVersion = "Xcode 3.2";
			developmentRegion = English;
			hasScannedForEncodings = 0;
			knownRegions = (
				en,
				Base,
			);
			mainGroup = 6E0B9E751D225CBB007C12C6;
			productRefGroup = 6E0B9E7F1D225CBB007C12C6 /* Products */;
			projectDirPath = "";
			projectRoot = "";
			targets = (
				6E0B9E7D1D225CBB007C12C6 /* file */,
			);
		};
/* End PBXProject section */

/* Begin PBXResourcesBuildPhase section */
		6E0B9E7C1D225CBB007C12C6 /* Resources */ = {
			isa = PBXResourcesBuildPhase;
			buildActionMask = 2147483647;
			files = (
				6E312A251D2FC96C0045C191 /* 42826426_p0.png in Resources */,
				6E312A211D2FC9400045C191 /* 53983444_p0.png in Resources */,
				6E312A1D1D2FC8C20045C191 /* 56508748_p0.png in Resources */,
				6E0B9E8C1D225CBC007C12C6 /* LaunchScreen.storyboard in Resources */,
				6E312A171D2FA89D0045C191 /* 50276332_p0.png in Resources */,
				6E312A1B1D2FC8890045C191 /* 48269530_p0.png in Resources */,
				6E0B9E891D225CBC007C12C6 /* Assets.xcassets in Resources */,
				6E0B9E871D225CBC007C12C6 /* Main.storyboard in Resources */,
			);
			runOnlyForDeploymentPostprocessing = 0;
		};
/* End PBXResourcesBuildPhase section */

/* Begin PBXShellScriptBuildPhase section */
		08461C42798D94FD8F1CB4C6 /* [CP] Copy Pods Resources */ = {
			isa = PBXShellScriptBuildPhase;
			buildActionMask = 2147483647;
			files = (
			);
			inputPaths = (
			);
			name = "[CP] Copy Pods Resources";
			outputPaths = (
			);
			runOnlyForDeploymentPostprocessing = 0;
			shellPath = /bin/sh;
			shellScript = "\"${SRCROOT}/Pods/Target Support Files/Pods-file/Pods-file-resources.sh\"\n";
			showEnvVarsInLog = 0;
		};
		4685CC023753A2E9E7DBF411 /* [CP] Check Pods Manifest.lock */ = {
			isa = PBXShellScriptBuildPhase;
			buildActionMask = 2147483647;
			files = (
			);
			inputPaths = (
			);
			name = "[CP] Check Pods Manifest.lock";
			outputPaths = (
			);
			runOnlyForDeploymentPostprocessing = 0;
			shellPath = /bin/sh;
			shellScript = "diff \"${PODS_ROOT}/../Podfile.lock\" \"${PODS_ROOT}/Manifest.lock\" > /dev/null\nif [[ $? != 0 ]] ; then\n    cat << EOM\nerror: The sandbox is not in sync with the Podfile.lock. Run 'pod install' or update your CocoaPods installation.\nEOM\n    exit 1\nfi\n";
			showEnvVarsInLog = 0;
		};
		71B1A2AC87DA4735E9822A0C /* [CP] Embed Pods Frameworks */ = {
			isa = PBXShellScriptBuildPhase;
			buildActionMask = 2147483647;
			files = (
			);
			inputPaths = (
			);
			name = "[CP] Embed Pods Frameworks";
			outputPaths = (
			);
			runOnlyForDeploymentPostprocessing = 0;
			shellPath = /bin/sh;
			shellScript = "\"${SRCROOT}/Pods/Target Support Files/Pods-file/Pods-file-frameworks.sh\"\n";
			showEnvVarsInLog = 0;
		};
/* End PBXShellScriptBuildPhase section */

/* Begin PBXSourcesBuildPhase section */
		6E0B9E7A1D225CBB007C12C6 /* Sources */ = {
			isa = PBXSourcesBuildPhase;
			buildActionMask = 2147483647;
			files = (
				6E0B9E841D225CBB007C12C6 /* ViewController.swift in Sources */,
				6E57384B1D22921800C84B30 /* FileListModel.swift in Sources */,
				6E53C4401D350BAC00F1AAAF /* SelectDirectoryViewController.swift in Sources */,
				6E5705BE1D22674600E7E9D6 /* View+SnapKit.swift in Sources */,
				6E64071C1D2E797A00342DBB /* MusicPlayManager.swift in Sources */,
				6E64071D1D2E797A00342DBB /* SQLite.swift in Sources */,
				6E04CA631D23E940003C9909 /* ThumbnailCache.swift in Sources */,
				6E53C4441D350FCF00F1AAAF /* FileTableViewCell.swift in Sources */,
				6E5705B91D22674600E7E9D6 /* ConstraintRelation.swift in Sources */,
				6E5705A01D2266ED00E7E9D6 /* Macro.swift in Sources */,
				6E53C4421D350DC600F1AAAF /* FIleListTableView.swift in Sources */,
				6E53C43C1D33938F00F1AAAF /* FileListToolView.swift in Sources */,
				6E57384D1D229CD300C84B30 /* FileListCollectionView.swift in Sources */,
				6E312A2B1D2FDB820045C191 /* Function.swift in Sources */,
				6E64071E1D2E797A00342DBB /* ESTMusicIndicatorContentView.swift in Sources */,
				6E5705BD1D22674600E7E9D6 /* SnapKit.swift in Sources */,
				6E6407201D2E797A00342DBB /* MusicTableViewCell.swift in Sources */,
				6E5705B71D22674600E7E9D6 /* ConstraintItem.swift in Sources */,
				6E5705A21D2266ED00E7E9D6 /* FileListViewController.swift in Sources */,
				6ECE7DFE1D250A1100896B76 /* UIView.swift in Sources */,
				6E6407161D2E797A00342DBB /* AudioPlayer.swift in Sources */,
				6E64071A1D2E797A00342DBB /* MusicDatabase.swift in Sources */,
				6EA26D9A1D24CBDC00ED2828 /* LoadImageManager.swift in Sources */,
				6E5705BF1D22674600E7E9D6 /* ViewController+SnapKit.swift in Sources */,
				6E04CA651D23EEEC003C9909 /* UIImage.swift in Sources */,
				6ECE7E001D250A3F00896B76 /* UIImageView.swift in Sources */,
				6E64071F1D2E797A00342DBB /* ESTMusicIndicatorView.swift in Sources */,
				6ECE7DFC1D25080400896B76 /* PhotoItem.swift in Sources */,
				6E5705A11D2266ED00E7E9D6 /* FileCollectionViewCell.swift in Sources */,
				6E5738491D2283A800C84B30 /* File.swift in Sources */,
				6E5705BA1D22674600E7E9D6 /* Debugging.swift in Sources */,
				6E6407171D2E797A00342DBB /* MusicListViewController.swift in Sources */,
				6E6407191D2E797A00342DBB /* MusicEntity.swift in Sources */,
				6E6407221D2E79C100342DBB /* MusicProgressView.swift in Sources */,
				6E5705B51D22674600E7E9D6 /* ConstraintAttributes.swift in Sources */,
				6E57384F1D229FD500C84B30 /* FileListViewProtocol.swift in Sources */,
				6E5705A61D2266ED00E7E9D6 /* SettingViewController.swift in Sources */,
				6E312A151D2FA2070045C191 /* MusicToolView.swift in Sources */,
				6E5705A41D2266ED00E7E9D6 /* LeftMenuViewController.swift in Sources */,
				6E5705B81D22674600E7E9D6 /* ConstraintMaker.swift in Sources */,
				6E5705A51D2266ED00E7E9D6 /* RootViewController.swift in Sources */,
				6E5705B41D22674600E7E9D6 /* Constraint.swift in Sources */,
				6E6407181D2E797A00342DBB /* MusicViewController.swift in Sources */,
				6E5705BC1D22674600E7E9D6 /* LayoutConstraint.swift in Sources */,
				6EA26D961D24C3C000ED2828 /* PhotoViewer.swift in Sources */,
				6E312A191D2FC7BD0045C191 /* MusicBackgroundView.swift in Sources */,
				6E53C43E1D34DCD500F1AAAF /* NewDirectoryView.swift in Sources */,
				6E5705BB1D22674600E7E9D6 /* EdgeInsets.swift in Sources */,
				6E0B9E821D225CBB007C12C6 /* AppDelegate.swift in Sources */,
				6E5705B61D22674600E7E9D6 /* ConstraintDescription.swift in Sources */,
			);
			runOnlyForDeploymentPostprocessing = 0;
		};
/* End PBXSourcesBuildPhase section */

/* Begin PBXVariantGroup section */
		6E0B9E851D225CBC007C12C6 /* Main.storyboard */ = {
			isa = PBXVariantGroup;
			children = (
				6E0B9E861D225CBC007C12C6 /* Base */,
			);
			name = Main.storyboard;
			sourceTree = "<group>";
		};
		6E0B9E8A1D225CBC007C12C6 /* LaunchScreen.storyboard */ = {
			isa = PBXVariantGroup;
			children = (
				6E0B9E8B1D225CBC007C12C6 /* Base */,
			);
			name = LaunchScreen.storyboard;
			sourceTree = "<group>";
		};
/* End PBXVariantGroup section */

/* Begin XCBuildConfiguration section */
		6E0B9E8E1D225CBC007C12C6 /* Debug */ = {
			isa = XCBuildConfiguration;
			buildSettings = {
				ALWAYS_SEARCH_USER_PATHS = NO;
				CLANG_ANALYZER_NONNULL = YES;
				CLANG_CXX_LANGUAGE_STANDARD = "gnu++0x";
				CLANG_CXX_LIBRARY = "libc++";
				CLANG_ENABLE_MODULES = YES;
				CLANG_ENABLE_OBJC_ARC = YES;
				CLANG_WARN_BOOL_CONVERSION = YES;
				CLANG_WARN_CONSTANT_CONVERSION = YES;
				CLANG_WARN_DIRECT_OBJC_ISA_USAGE = YES_ERROR;
				CLANG_WARN_DOCUMENTATION_COMMENTS = YES;
				CLANG_WARN_EMPTY_BODY = YES;
				CLANG_WARN_ENUM_CONVERSION = YES;
				CLANG_WARN_INT_CONVERSION = YES;
				CLANG_WARN_OBJC_ROOT_CLASS = YES_ERROR;
				CLANG_WARN_UNREACHABLE_CODE = YES;
				CLANG_WARN__DUPLICATE_METHOD_MATCH = YES;
				"CODE_SIGN_IDENTITY[sdk=iphoneos*]" = "iPhone Developer";
				COPY_PHASE_STRIP = NO;
				DEBUG_INFORMATION_FORMAT = dwarf;
				ENABLE_STRICT_OBJC_MSGSEND = YES;
				ENABLE_TESTABILITY = YES;
				GCC_C_LANGUAGE_STANDARD = gnu99;
				GCC_DYNAMIC_NO_PIC = NO;
				GCC_NO_COMMON_BLOCKS = YES;
				GCC_OPTIMIZATION_LEVEL = 0;
				GCC_PREPROCESSOR_DEFINITIONS = (
					"DEBUG=1",
					"$(inherited)",
				);
				GCC_WARN_64_TO_32_BIT_CONVERSION = YES;
				GCC_WARN_ABOUT_RETURN_TYPE = YES_ERROR;
				GCC_WARN_UNDECLARED_SELECTOR = YES;
				GCC_WARN_UNINITIALIZED_AUTOS = YES_AGGRESSIVE;
				GCC_WARN_UNUSED_FUNCTION = YES;
				GCC_WARN_UNUSED_VARIABLE = YES;
				IPHONEOS_DEPLOYMENT_TARGET = 8.0;
				MTL_ENABLE_DEBUG_INFO = YES;
				ONLY_ACTIVE_ARCH = YES;
				SDKROOT = iphoneos;
				SWIFT_ACTIVE_COMPILATION_CONDITIONS = DEBUG;
				SWIFT_OPTIMIZATION_LEVEL = "-Onone";
				TARGETED_DEVICE_FAMILY = "1,2";
			};
			name = Debug;
		};
		6E0B9E8F1D225CBC007C12C6 /* Release */ = {
			isa = XCBuildConfiguration;
			buildSettings = {
				ALWAYS_SEARCH_USER_PATHS = NO;
				CLANG_ANALYZER_NONNULL = YES;
				CLANG_CXX_LANGUAGE_STANDARD = "gnu++0x";
				CLANG_CXX_LIBRARY = "libc++";
				CLANG_ENABLE_MODULES = YES;
				CLANG_ENABLE_OBJC_ARC = YES;
				CLANG_WARN_BOOL_CONVERSION = YES;
				CLANG_WARN_CONSTANT_CONVERSION = YES;
				CLANG_WARN_DIRECT_OBJC_ISA_USAGE = YES_ERROR;
				CLANG_WARN_DOCUMENTATION_COMMENTS = YES;
				CLANG_WARN_EMPTY_BODY = YES;
				CLANG_WARN_ENUM_CONVERSION = YES;
				CLANG_WARN_INT_CONVERSION = YES;
				CLANG_WARN_OBJC_ROOT_CLASS = YES_ERROR;
				CLANG_WARN_UNREACHABLE_CODE = YES;
				CLANG_WARN__DUPLICATE_METHOD_MATCH = YES;
				"CODE_SIGN_IDENTITY[sdk=iphoneos*]" = "iPhone Developer";
				COPY_PHASE_STRIP = NO;
				DEBUG_INFORMATION_FORMAT = "dwarf-with-dsym";
				ENABLE_NS_ASSERTIONS = NO;
				ENABLE_STRICT_OBJC_MSGSEND = YES;
				GCC_C_LANGUAGE_STANDARD = gnu99;
				GCC_NO_COMMON_BLOCKS = YES;
				GCC_WARN_64_TO_32_BIT_CONVERSION = YES;
				GCC_WARN_ABOUT_RETURN_TYPE = YES_ERROR;
				GCC_WARN_UNDECLARED_SELECTOR = YES;
				GCC_WARN_UNINITIALIZED_AUTOS = YES_AGGRESSIVE;
				GCC_WARN_UNUSED_FUNCTION = YES;
				GCC_WARN_UNUSED_VARIABLE = YES;
				IPHONEOS_DEPLOYMENT_TARGET = 8.0;
				MTL_ENABLE_DEBUG_INFO = NO;
				SDKROOT = iphoneos;
				SWIFT_OPTIMIZATION_LEVEL = "-Owholemodule";
				TARGETED_DEVICE_FAMILY = "1,2";
				VALIDATE_PRODUCT = YES;
			};
			name = Release;
		};
		6E0B9E911D225CBC007C12C6 /* Debug */ = {
			isa = XCBuildConfiguration;
			baseConfigurationReference = A49C5FCE510BCAC996B92A06 /* Pods-file.debug.xcconfig */;
			buildSettings = {
				ASSETCATALOG_COMPILER_APPICON_NAME = AppIcon;
				"CODE_SIGN_IDENTITY[sdk=iphoneos*]" = "iPhone Developer";
				FRAMEWORK_SEARCH_PATHS = (
					"$(inherited)",
					"$(PROJECT_DIR)/file",
				);
				INFOPLIST_FILE = file/Info.plist;
				IPHONEOS_DEPLOYMENT_TARGET = 8.0;
				LD_RUNPATH_SEARCH_PATHS = "$(inherited) @executable_path/Frameworks";
				PRODUCT_BUNDLE_IDENTIFIER = com.cezr.file;
				PRODUCT_NAME = "$(TARGET_NAME)";
				SWIFT_OBJC_BRIDGING_HEADER = "file/file-Bridging-Header.h";
				SWIFT_VERSION = 3.0;
			};
			name = Debug;
		};
		6E0B9E921D225CBC007C12C6 /* Release */ = {
			isa = XCBuildConfiguration;
			baseConfigurationReference = 0A86A2EF4BC515E95D20816F /* Pods-file.release.xcconfig */;
			buildSettings = {
				ASSETCATALOG_COMPILER_APPICON_NAME = AppIcon;
				"CODE_SIGN_IDENTITY[sdk=iphoneos*]" = "iPhone Developer";
				FRAMEWORK_SEARCH_PATHS = (
					"$(inherited)",
					"$(PROJECT_DIR)/file",
				);
				INFOPLIST_FILE = file/Info.plist;
				IPHONEOS_DEPLOYMENT_TARGET = 8.0;
				LD_RUNPATH_SEARCH_PATHS = "$(inherited) @executable_path/Frameworks";
				PRODUCT_BUNDLE_IDENTIFIER = com.cezr.file;
				PRODUCT_NAME = "$(TARGET_NAME)";
				SWIFT_OBJC_BRIDGING_HEADER = "file/file-Bridging-Header.h";
				SWIFT_VERSION = 3.0;
			};
			name = Release;
		};
/* End XCBuildConfiguration section */

/* Begin XCConfigurationList section */
		6E0B9E791D225CBB007C12C6 /* Build configuration list for PBXProject "file" */ = {
			isa = XCConfigurationList;
			buildConfigurations = (
				6E0B9E8E1D225CBC007C12C6 /* Debug */,
				6E0B9E8F1D225CBC007C12C6 /* Release */,
			);
			defaultConfigurationIsVisible = 0;
			defaultConfigurationName = Release;
		};
		6E0B9E901D225CBC007C12C6 /* Build configuration list for PBXNativeTarget "file" */ = {
			isa = XCConfigurationList;
			buildConfigurations = (
				6E0B9E911D225CBC007C12C6 /* Debug */,
				6E0B9E921D225CBC007C12C6 /* Release */,
			);
			defaultConfigurationIsVisible = 0;
			defaultConfigurationName = Release;
		};
/* End XCConfigurationList section */
	};
	rootObject = 6E0B9E761D225CBB007C12C6 /* Project object */;
}
